// !$*UTF8*$!
{
	archiveVersion = 1;
	classes = {
	};
	objectVersion = 56;
	objects = {

/* Begin PBXBuildFile section */
		F8FA25882B5594920085B1DB /* main.swift in Sources */ = {isa = PBXBuildFile; fileRef = F8FA25872B5594920085B1DB /* main.swift */; };
/* End PBXBuildFile section */

/* Begin PBXCopyFilesBuildPhase section */
		F86D1DEC2B4E889300E6FB7F /* CopyFiles */ = {
			isa = PBXCopyFilesBuildPhase;
			buildActionMask = 2147483647;
			dstPath = /usr/share/man/man1/;
			dstSubfolderSpec = 0;
			files = (
			);
			runOnlyForDeploymentPostprocessing = 1;
		};
/* End PBXCopyFilesBuildPhase section */

/* Begin PBXFileReference section */
		F86D1DEE2B4E889300E6FB7F /* ProblemSolving */ = {isa = PBXFileReference; explicitFileType = "compiled.mach-o.executable"; includeInIndex = 0; path = ProblemSolving; sourceTree = BUILT_PRODUCTS_DIR; };
		F86D1DF92B4E896000E6FB7F /* 15651.swift */ = {isa = PBXFileReference; lastKnownFileType = sourcecode.swift; path = 15651.swift; sourceTree = "<group>"; };
		F86D1DFB2B4EAACF00E6FB7F /* 15649.swift */ = {isa = PBXFileReference; lastKnownFileType = sourcecode.swift; path = 15649.swift; sourceTree = "<group>"; };
		F86D1DFE2B4EAC8400E6FB7F /* 15652.swift */ = {isa = PBXFileReference; lastKnownFileType = sourcecode.swift; path = 15652.swift; sourceTree = "<group>"; };
		F86D1E022B4EADB400E6FB7F /* ProblemSolving-Bridging-Header.h */ = {isa = PBXFileReference; fileEncoding = 4; lastKnownFileType = sourcecode.c.h; path = "ProblemSolving-Bridging-Header.h"; sourceTree = "<group>"; };
		F86D1E032B4EAF1D00E6FB7F /* 15650.swift */ = {isa = PBXFileReference; lastKnownFileType = sourcecode.swift; path = 15650.swift; sourceTree = "<group>"; };
		F86D1E052B4EB20700E6FB7F /* 14888.swift */ = {isa = PBXFileReference; lastKnownFileType = sourcecode.swift; path = 14888.swift; sourceTree = "<group>"; };
		F86D1E082B4EBEB900E6FB7F /* 10852.swift */ = {isa = PBXFileReference; lastKnownFileType = sourcecode.swift; path = 10852.swift; sourceTree = "<group>"; };
		F86D1E0A2B4EC33A00E6FB7F /* 1015.swift */ = {isa = PBXFileReference; lastKnownFileType = sourcecode.swift; path = 1015.swift; sourceTree = "<group>"; };
		F86D1E0C2B4FA59200E6FB7F /* 11652.swift */ = {isa = PBXFileReference; lastKnownFileType = sourcecode.swift; path = 11652.swift; sourceTree = "<group>"; };
		F86D1E0E2B4FAE1100E6FB7F /* 15970.swift */ = {isa = PBXFileReference; lastKnownFileType = sourcecode.swift; path = 15970.swift; sourceTree = "<group>"; };
		F86D1E112B4FB45700E6FB7F /* 7795.swift */ = {isa = PBXFileReference; lastKnownFileType = sourcecode.swift; path = 7795.swift; sourceTree = "<group>"; };
		F86D1E132B4FBCB800E6FB7F /* 2470.swift */ = {isa = PBXFileReference; lastKnownFileType = sourcecode.swift; path = 2470.swift; sourceTree = "<group>"; };
		F86D1E152B4FF50300E6FB7F /* 2805.swift */ = {isa = PBXFileReference; lastKnownFileType = sourcecode.swift; path = 2805.swift; sourceTree = "<group>"; };
		F86D1E182B50041F00E6FB7F /* 1806.swift */ = {isa = PBXFileReference; lastKnownFileType = sourcecode.swift; path = 1806.swift; sourceTree = "<group>"; };
		F86D1E1A2B503B5500E6FB7F /* 13115.swift */ = {isa = PBXFileReference; lastKnownFileType = sourcecode.swift; path = 13115.swift; sourceTree = "<group>"; };
		F86D1E1C2B503D8400E6FB7F /* 1253.swift */ = {isa = PBXFileReference; lastKnownFileType = sourcecode.swift; path = 1253.swift; sourceTree = "<group>"; };
		F86D1E1F2B50416900E6FB7F /* 1260.swift */ = {isa = PBXFileReference; lastKnownFileType = sourcecode.swift; path = 1260.swift; sourceTree = "<group>"; };
		F8D09CAE2B526E07005146CC /* 2667.swift */ = {isa = PBXFileReference; lastKnownFileType = sourcecode.swift; path = 2667.swift; sourceTree = "<group>"; };
		F8D09CB02B5277FF005146CC /* 2251.swift */ = {isa = PBXFileReference; lastKnownFileType = sourcecode.swift; path = 2251.swift; sourceTree = "<group>"; };
		F8D09CB22B527BE0005146CC /* 14502.swift */ = {isa = PBXFileReference; lastKnownFileType = sourcecode.swift; path = 14502.swift; sourceTree = "<group>"; };
		F8D09CB52B528127005146CC /* 2178.swift */ = {isa = PBXFileReference; lastKnownFileType = sourcecode.swift; path = 2178.swift; sourceTree = "<group>"; };
		F8DA328A2B542E350044278F /* 1697.swift */ = {isa = PBXFileReference; lastKnownFileType = sourcecode.swift; path = 1697.swift; sourceTree = "<group>"; };
		F8DA328C2B54342F0044278F /* 3055.swift */ = {isa = PBXFileReference; lastKnownFileType = sourcecode.swift; path = 3055.swift; sourceTree = "<group>"; };
		F8FA25802B5518CF0085B1DB /* 11725.swift */ = {isa = PBXFileReference; lastKnownFileType = sourcecode.swift; path = 11725.swift; sourceTree = "<group>"; };
		F8FA25822B553D4C0085B1DB /* 1068.swift */ = {isa = PBXFileReference; lastKnownFileType = sourcecode.swift; path = 1068.swift; sourceTree = "<group>"; };
		F8FA25852B554DA10085B1DB /* 2252.swift */ = {isa = PBXFileReference; lastKnownFileType = sourcecode.swift; path = 2252.swift; sourceTree = "<group>"; };
		F8FA25872B5594920085B1DB /* main.swift */ = {isa = PBXFileReference; lastKnownFileType = sourcecode.swift; path = main.swift; sourceTree = "<group>"; };
/* End PBXFileReference section */

/* Begin PBXFrameworksBuildPhase section */
		F86D1DEB2B4E889300E6FB7F /* Frameworks */ = {
			isa = PBXFrameworksBuildPhase;
			buildActionMask = 2147483647;
			files = (
			);
			runOnlyForDeploymentPostprocessing = 0;
		};
/* End PBXFrameworksBuildPhase section */

/* Begin PBXGroup section */
		F86D1DE52B4E889300E6FB7F = {
			isa = PBXGroup;
			children = (
				F86D1DF02B4E889300E6FB7F /* ProblemSolving */,
				F86D1DEF2B4E889300E6FB7F /* Products */,
			);
			sourceTree = "<group>";
		};
		F86D1DEF2B4E889300E6FB7F /* Products */ = {
			isa = PBXGroup;
			children = (
				F86D1DEE2B4E889300E6FB7F /* ProblemSolving */,
			);
			name = Products;
			sourceTree = "<group>";
		};
		F86D1DF02B4E889300E6FB7F /* ProblemSolving */ = {
			isa = PBXGroup;
			children = (
				F8FA25842B554D920085B1DB /* TopologicalSorting */,
				F8FA257F2B5518B40085B1DB /* Tree */,
				F86D1E1E2B50415B00E6FB7F /* Graph */,
				F86D1E172B50041200E6FB7F /* TwoPointer */,
				F86D1E102B4FB44600E6FB7F /* BinarySerach */,
				F86D1E072B4EBEAE00E6FB7F /* Sort */,
				F86D1DF82B4E88DF00E6FB7F /* BruteForce */,
			);
			path = ProblemSolving;
			sourceTree = "<group>";
		};
		F86D1DF82B4E88DF00E6FB7F /* BruteForce */ = {
			isa = PBXGroup;
			children = (
				F86D1E022B4EADB400E6FB7F /* ProblemSolving-Bridging-Header.h */,
				F86D1DF92B4E896000E6FB7F /* 15651.swift */,
				F86D1DFB2B4EAACF00E6FB7F /* 15649.swift */,
				F86D1DFE2B4EAC8400E6FB7F /* 15652.swift */,
				F86D1E032B4EAF1D00E6FB7F /* 15650.swift */,
				F86D1E052B4EB20700E6FB7F /* 14888.swift */,
			);
			path = BruteForce;
			sourceTree = "<group>";
		};
		F86D1E072B4EBEAE00E6FB7F /* Sort */ = {
			isa = PBXGroup;
			children = (
				F86D1E082B4EBEB900E6FB7F /* 10852.swift */,
				F86D1E0A2B4EC33A00E6FB7F /* 1015.swift */,
				F86D1E0C2B4FA59200E6FB7F /* 11652.swift */,
				F86D1E0E2B4FAE1100E6FB7F /* 15970.swift */,
			);
			path = Sort;
			sourceTree = "<group>";
		};
		F86D1E102B4FB44600E6FB7F /* BinarySerach */ = {
			isa = PBXGroup;
			children = (
				F86D1E112B4FB45700E6FB7F /* 7795.swift */,
				F86D1E132B4FBCB800E6FB7F /* 2470.swift */,
				F86D1E152B4FF50300E6FB7F /* 2805.swift */,
			);
			path = BinarySerach;
			sourceTree = "<group>";
		};
		F86D1E172B50041200E6FB7F /* TwoPointer */ = {
			isa = PBXGroup;
			children = (
				F86D1E182B50041F00E6FB7F /* 1806.swift */,
				F86D1E1A2B503B5500E6FB7F /* 13115.swift */,
				F86D1E1C2B503D8400E6FB7F /* 1253.swift */,
			);
			path = TwoPointer;
			sourceTree = "<group>";
		};
		F86D1E1E2B50415B00E6FB7F /* Graph */ = {
			isa = PBXGroup;
			children = (
				F86D1E1F2B50416900E6FB7F /* 1260.swift */,
				F8D09CAE2B526E07005146CC /* 2667.swift */,
				F8D09CB02B5277FF005146CC /* 2251.swift */,
				F8D09CB22B527BE0005146CC /* 14502.swift */,
				F8D09CB52B528127005146CC /* 2178.swift */,
				F8DA328A2B542E350044278F /* 1697.swift */,
				F8DA328C2B54342F0044278F /* 3055.swift */,
			);
			path = Graph;
			sourceTree = "<group>";
		};
		F8FA257F2B5518B40085B1DB /* Tree */ = {
			isa = PBXGroup;
			children = (
				F8FA25802B5518CF0085B1DB /* 11725.swift */,
				F8FA25822B553D4C0085B1DB /* 1068.swift */,
			);
			path = Tree;
			sourceTree = "<group>";
		};
		F8FA25842B554D920085B1DB /* TopologicalSorting */ = {
			isa = PBXGroup;
			children = (
				F8FA25852B554DA10085B1DB /* 2252.swift */,
				F8FA25872B5594920085B1DB /* main.swift */,
			);
			path = TopologicalSorting;
			sourceTree = "<group>";
		};
/* End PBXGroup section */

/* Begin PBXNativeTarget section */
		F86D1DED2B4E889300E6FB7F /* ProblemSolving */ = {
			isa = PBXNativeTarget;
			buildConfigurationList = F86D1DF52B4E889300E6FB7F /* Build configuration list for PBXNativeTarget "ProblemSolving" */;
			buildPhases = (
				F86D1DEA2B4E889300E6FB7F /* Sources */,
				F86D1DEB2B4E889300E6FB7F /* Frameworks */,
				F86D1DEC2B4E889300E6FB7F /* CopyFiles */,
			);
			buildRules = (
			);
			dependencies = (
			);
			name = ProblemSolving;
			productName = ProblemSolving;
			productReference = F86D1DEE2B4E889300E6FB7F /* ProblemSolving */;
			productType = "com.apple.product-type.tool";
		};
/* End PBXNativeTarget section */

/* Begin PBXProject section */
		F86D1DE62B4E889300E6FB7F /* Project object */ = {
			isa = PBXProject;
			attributes = {
				BuildIndependentTargetsInParallel = 1;
				LastSwiftUpdateCheck = 1420;
				LastUpgradeCheck = 1420;
				TargetAttributes = {
					F86D1DED2B4E889300E6FB7F = {
						CreatedOnToolsVersion = 14.2;
						LastSwiftMigration = 1420;
					};
				};
			};
			buildConfigurationList = F86D1DE92B4E889300E6FB7F /* Build configuration list for PBXProject "ProblemSolving" */;
			compatibilityVersion = "Xcode 14.0";
			developmentRegion = en;
			hasScannedForEncodings = 0;
			knownRegions = (
				en,
				Base,
			);
			mainGroup = F86D1DE52B4E889300E6FB7F;
			productRefGroup = F86D1DEF2B4E889300E6FB7F /* Products */;
			projectDirPath = "";
			projectRoot = "";
			targets = (
				F86D1DED2B4E889300E6FB7F /* ProblemSolving */,
			);
		};
/* End PBXProject section */

/* Begin PBXSourcesBuildPhase section */
		F86D1DEA2B4E889300E6FB7F /* Sources */ = {
			isa = PBXSourcesBuildPhase;
			buildActionMask = 2147483647;
			files = (
				F8FA25882B5594920085B1DB /* main.swift in Sources */,
			);
			runOnlyForDeploymentPostprocessing = 0;
		};
/* End PBXSourcesBuildPhase section */

/* Begin XCBuildConfiguration section */
		F86D1DF32B4E889300E6FB7F /* Debug */ = {
			isa = XCBuildConfiguration;
			buildSettings = {
				ALWAYS_SEARCH_USER_PATHS = NO;
				CLANG_ANALYZER_NONNULL = YES;
				CLANG_ANALYZER_NUMBER_OBJECT_CONVERSION = YES_AGGRESSIVE;
				CLANG_CXX_LANGUAGE_STANDARD = "gnu++20";
				CLANG_ENABLE_MODULES = YES;
				CLANG_ENABLE_OBJC_ARC = YES;
				CLANG_ENABLE_OBJC_WEAK = YES;
				CLANG_WARN_BLOCK_CAPTURE_AUTORELEASING = YES;
				CLANG_WARN_BOOL_CONVERSION = YES;
				CLANG_WARN_COMMA = YES;
				CLANG_WARN_CONSTANT_CONVERSION = YES;
				CLANG_WARN_DEPRECATED_OBJC_IMPLEMENTATIONS = YES;
				CLANG_WARN_DIRECT_OBJC_ISA_USAGE = YES_ERROR;
				CLANG_WARN_DOCUMENTATION_COMMENTS = YES;
				CLANG_WARN_EMPTY_BODY = YES;
				CLANG_WARN_ENUM_CONVERSION = YES;
				CLANG_WARN_INFINITE_RECURSION = YES;
				CLANG_WARN_INT_CONVERSION = YES;
				CLANG_WARN_NON_LITERAL_NULL_CONVERSION = YES;
				CLANG_WARN_OBJC_IMPLICIT_RETAIN_SELF = YES;
				CLANG_WARN_OBJC_LITERAL_CONVERSION = YES;
				CLANG_WARN_OBJC_ROOT_CLASS = YES_ERROR;
				CLANG_WARN_QUOTED_INCLUDE_IN_FRAMEWORK_HEADER = YES;
				CLANG_WARN_RANGE_LOOP_ANALYSIS = YES;
				CLANG_WARN_STRICT_PROTOTYPES = YES;
				CLANG_WARN_SUSPICIOUS_MOVE = YES;
				CLANG_WARN_UNGUARDED_AVAILABILITY = YES_AGGRESSIVE;
				CLANG_WARN_UNREACHABLE_CODE = YES;
				CLANG_WARN__DUPLICATE_METHOD_MATCH = YES;
				COPY_PHASE_STRIP = NO;
				DEBUG_INFORMATION_FORMAT = dwarf;
				ENABLE_STRICT_OBJC_MSGSEND = YES;
				ENABLE_TESTABILITY = YES;
				GCC_C_LANGUAGE_STANDARD = gnu11;
				GCC_DYNAMIC_NO_PIC = NO;
				GCC_NO_COMMON_BLOCKS = YES;
				GCC_OPTIMIZATION_LEVEL = 0;
				GCC_PREPROCESSOR_DEFINITIONS = (
					"DEBUG=1",
					"$(inherited)",
				);
				GCC_WARN_64_TO_32_BIT_CONVERSION = YES;
				GCC_WARN_ABOUT_RETURN_TYPE = YES_ERROR;
				GCC_WARN_UNDECLARED_SELECTOR = YES;
				GCC_WARN_UNINITIALIZED_AUTOS = YES_AGGRESSIVE;
				GCC_WARN_UNUSED_FUNCTION = YES;
				GCC_WARN_UNUSED_VARIABLE = YES;
				MACOSX_DEPLOYMENT_TARGET = 12.6;
				MTL_ENABLE_DEBUG_INFO = INCLUDE_SOURCE;
				MTL_FAST_MATH = YES;
				ONLY_ACTIVE_ARCH = YES;
				SDKROOT = macosx;
				SWIFT_ACTIVE_COMPILATION_CONDITIONS = DEBUG;
				SWIFT_OPTIMIZATION_LEVEL = "-Onone";
			};
			name = Debug;
		};
		F86D1DF42B4E889300E6FB7F /* Release */ = {
			isa = XCBuildConfiguration;
			buildSettings = {
				ALWAYS_SEARCH_USER_PATHS = NO;
				CLANG_ANALYZER_NONNULL = YES;
				CLANG_ANALYZER_NUMBER_OBJECT_CONVERSION = YES_AGGRESSIVE;
				CLANG_CXX_LANGUAGE_STANDARD = "gnu++20";
				CLANG_ENABLE_MODULES = YES;
				CLANG_ENABLE_OBJC_ARC = YES;
				CLANG_ENABLE_OBJC_WEAK = YES;
				CLANG_WARN_BLOCK_CAPTURE_AUTORELEASING = YES;
				CLANG_WARN_BOOL_CONVERSION = YES;
				CLANG_WARN_COMMA = YES;
				CLANG_WARN_CONSTANT_CONVERSION = YES;
				CLANG_WARN_DEPRECATED_OBJC_IMPLEMENTATIONS = YES;
				CLANG_WARN_DIRECT_OBJC_ISA_USAGE = YES_ERROR;
				CLANG_WARN_DOCUMENTATION_COMMENTS = YES;
				CLANG_WARN_EMPTY_BODY = YES;
				CLANG_WARN_ENUM_CONVERSION = YES;
				CLANG_WARN_INFINITE_RECURSION = YES;
				CLANG_WARN_INT_CONVERSION = YES;
				CLANG_WARN_NON_LITERAL_NULL_CONVERSION = YES;
				CLANG_WARN_OBJC_IMPLICIT_RETAIN_SELF = YES;
				CLANG_WARN_OBJC_LITERAL_CONVERSION = YES;
				CLANG_WARN_OBJC_ROOT_CLASS = YES_ERROR;
				CLANG_WARN_QUOTED_INCLUDE_IN_FRAMEWORK_HEADER = YES;
				CLANG_WARN_RANGE_LOOP_ANALYSIS = YES;
				CLANG_WARN_STRICT_PROTOTYPES = YES;
				CLANG_WARN_SUSPICIOUS_MOVE = YES;
				CLANG_WARN_UNGUARDED_AVAILABILITY = YES_AGGRESSIVE;
				CLANG_WARN_UNREACHABLE_CODE = YES;
				CLANG_WARN__DUPLICATE_METHOD_MATCH = YES;
				COPY_PHASE_STRIP = NO;
				DEBUG_INFORMATION_FORMAT = "dwarf-with-dsym";
				ENABLE_NS_ASSERTIONS = NO;
				ENABLE_STRICT_OBJC_MSGSEND = YES;
				GCC_C_LANGUAGE_STANDARD = gnu11;
				GCC_NO_COMMON_BLOCKS = YES;
				GCC_WARN_64_TO_32_BIT_CONVERSION = YES;
				GCC_WARN_ABOUT_RETURN_TYPE = YES_ERROR;
				GCC_WARN_UNDECLARED_SELECTOR = YES;
				GCC_WARN_UNINITIALIZED_AUTOS = YES_AGGRESSIVE;
				GCC_WARN_UNUSED_FUNCTION = YES;
				GCC_WARN_UNUSED_VARIABLE = YES;
				MACOSX_DEPLOYMENT_TARGET = 12.6;
				MTL_ENABLE_DEBUG_INFO = NO;
				MTL_FAST_MATH = YES;
				SDKROOT = macosx;
				SWIFT_COMPILATION_MODE = wholemodule;
				SWIFT_OPTIMIZATION_LEVEL = "-O";
			};
			name = Release;
		};
		F86D1DF62B4E889300E6FB7F /* Debug */ = {
			isa = XCBuildConfiguration;
			buildSettings = {
				CLANG_ENABLE_MODULES = YES;
				CODE_SIGN_STYLE = Automatic;
				LD_RUNPATH_SEARCH_PATHS = (
					"$(inherited)",
					"@executable_path/../Frameworks",
					"@loader_path/../Frameworks",
				);
				PRODUCT_NAME = "$(TARGET_NAME)";
				SWIFT_OBJC_BRIDGING_HEADER = "ProblemSolving/BruteForce/ProblemSolving-Bridging-Header.h";
				SWIFT_OPTIMIZATION_LEVEL = "-Onone";
				SWIFT_VERSION = 5.0;
			};
			name = Debug;
		};
		F86D1DF72B4E889300E6FB7F /* Release */ = {
			isa = XCBuildConfiguration;
			buildSettings = {
				CLANG_ENABLE_MODULES = YES;
				CODE_SIGN_STYLE = Automatic;
				LD_RUNPATH_SEARCH_PATHS = (
					"$(inherited)",
					"@executable_path/../Frameworks",
					"@loader_path/../Frameworks",
				);
				PRODUCT_NAME = "$(TARGET_NAME)";
				SWIFT_OBJC_BRIDGING_HEADER = "ProblemSolving/BruteForce/ProblemSolving-Bridging-Header.h";
				SWIFT_VERSION = 5.0;
			};
			name = Release;
		};
/* End XCBuildConfiguration section */

/* Begin XCConfigurationList section */
		F86D1DE92B4E889300E6FB7F /* Build configuration list for PBXProject "ProblemSolving" */ = {
			isa = XCConfigurationList;
			buildConfigurations = (
				F86D1DF32B4E889300E6FB7F /* Debug */,
				F86D1DF42B4E889300E6FB7F /* Release */,
			);
			defaultConfigurationIsVisible = 0;
			defaultConfigurationName = Release;
		};
		F86D1DF52B4E889300E6FB7F /* Build configuration list for PBXNativeTarget "ProblemSolving" */ = {
			isa = XCConfigurationList;
			buildConfigurations = (
				F86D1DF62B4E889300E6FB7F /* Debug */,
				F86D1DF72B4E889300E6FB7F /* Release */,
			);
			defaultConfigurationIsVisible = 0;
			defaultConfigurationName = Release;
		};
/* End XCConfigurationList section */
	};
	rootObject = F86D1DE62B4E889300E6FB7F /* Project object */;
}
