// !$*UTF8*$!
{
	archiveVersion = 1;
	classes = {
	};
	objectVersion = 56;
	objects = {

/* Begin PBXBuildFile section */
		F8F394F72B7E125600DA4325 /* recursiveDigitSum.swift in Sources */ = {isa = PBXBuildFile; fileRef = F8F394F62B7E125600DA4325 /* recursiveDigitSum.swift */; };
		F8F510FB2B99E3FA00377B1E /* 034.swift in Sources */ = {isa = PBXBuildFile; fileRef = F8F510FA2B99E3FA00377B1E /* 034.swift */; };
		F8FA258A2B55A4600085B1DB /* FileIO.swift in Sources */ = {isa = PBXBuildFile; fileRef = F8FA25892B55A4600085B1DB /* FileIO.swift */; };
/* End PBXBuildFile section */

/* Begin PBXCopyFilesBuildPhase section */
		F86D1DEC2B4E889300E6FB7F /* CopyFiles */ = {
			isa = PBXCopyFilesBuildPhase;
			buildActionMask = 2147483647;
			dstPath = /usr/share/man/man1/;
			dstSubfolderSpec = 0;
			files = (
			);
			runOnlyForDeploymentPostprocessing = 1;
		};
/* End PBXCopyFilesBuildPhase section */

/* Begin PBXFileReference section */
		F806E2BC2C246AEA0034F893 /* 1300.swift */ = {isa = PBXFileReference; lastKnownFileType = sourcecode.swift; path = 1300.swift; sourceTree = "<group>"; };
		F806E2BE2C285D390034F893 /* 1012.swift */ = {isa = PBXFileReference; lastKnownFileType = sourcecode.swift; path = 1012.swift; sourceTree = "<group>"; };
		F806E2C02C28643F0034F893 /* 7576.swift */ = {isa = PBXFileReference; lastKnownFileType = sourcecode.swift; path = 7576.swift; sourceTree = "<group>"; };
		F806E2C22C29AA400034F893 /* 7576_ti.swift */ = {isa = PBXFileReference; lastKnownFileType = sourcecode.swift; path = 7576_ti.swift; sourceTree = "<group>"; };
		F806E2CB2C2ABCA80034F893 /* 2563.swift */ = {isa = PBXFileReference; lastKnownFileType = sourcecode.swift; path = 2563.swift; sourceTree = "<group>"; };
		F806E2CF2C2AC07D0034F893 /* 9655.swift */ = {isa = PBXFileReference; lastKnownFileType = sourcecode.swift; path = 9655.swift; sourceTree = "<group>"; };
		F806E2D12C2AC4D70034F893 /* 10431.swift */ = {isa = PBXFileReference; lastKnownFileType = sourcecode.swift; path = 10431.swift; sourceTree = "<group>"; };
		F806E2D32C2C403E0034F893 /* 8979.swift */ = {isa = PBXFileReference; lastKnownFileType = sourcecode.swift; path = 8979.swift; sourceTree = "<group>"; };
		F806E2D52C3184240034F893 /* 7568.swift */ = {isa = PBXFileReference; lastKnownFileType = sourcecode.swift; path = 7568.swift; sourceTree = "<group>"; };
		F806E2D72C318AC10034F893 /* 4659.swift */ = {isa = PBXFileReference; lastKnownFileType = sourcecode.swift; path = 4659.swift; sourceTree = "<group>"; };
		F806E2D92C3271870034F893 /* 2757.swift */ = {isa = PBXFileReference; lastKnownFileType = sourcecode.swift; path = 2757.swift; sourceTree = "<group>"; };
		F806E2DB2C33FF720034F893 /* 20125.swift */ = {isa = PBXFileReference; lastKnownFileType = sourcecode.swift; path = 20125.swift; sourceTree = "<group>"; };
		F806E2DD2C340DCB0034F893 /* 1205.swift */ = {isa = PBXFileReference; lastKnownFileType = sourcecode.swift; path = 1205.swift; sourceTree = "<group>"; };
		F806E2DF2C34AB3F0034F893 /* 1244.swift */ = {isa = PBXFileReference; lastKnownFileType = sourcecode.swift; path = 1244.swift; sourceTree = "<group>"; };
		F806E2E12C34B4EA0034F893 /* 9017.swift */ = {isa = PBXFileReference; lastKnownFileType = sourcecode.swift; path = 9017.swift; sourceTree = "<group>"; };
		F806E2E32C3690F50034F893 /* 2164.swift */ = {isa = PBXFileReference; lastKnownFileType = sourcecode.swift; path = 2164.swift; sourceTree = "<group>"; };
		F80AB6CB2BB59D44001111BC /* 28278.swift */ = {isa = PBXFileReference; lastKnownFileType = sourcecode.swift; path = 28278.swift; sourceTree = "<group>"; };
		F80AB6CE2BB59FDF001111BC /* 10773.swift */ = {isa = PBXFileReference; lastKnownFileType = sourcecode.swift; path = 10773.swift; sourceTree = "<group>"; };
		F80AB6D02BB5A0B6001111BC /* 9012.swift */ = {isa = PBXFileReference; lastKnownFileType = sourcecode.swift; path = 9012.swift; sourceTree = "<group>"; };
		F80B3F012B7EAA490046E317 /* 18868.swift */ = {isa = PBXFileReference; lastKnownFileType = sourcecode.swift; path = 18868.swift; sourceTree = "<group>"; };
		F80B3F032B7EB4960046E317 /* 1018.swift */ = {isa = PBXFileReference; lastKnownFileType = sourcecode.swift; path = 1018.swift; sourceTree = "<group>"; };
		F80E79ED2B9EC7B000843717 /* 017.swift */ = {isa = PBXFileReference; lastKnownFileType = sourcecode.swift; path = 017.swift; sourceTree = "<group>"; };
		F80E79F02B9ECD0500843717 /* 048.swift */ = {isa = PBXFileReference; lastKnownFileType = sourcecode.swift; path = 048.swift; sourceTree = "<group>"; };
		F824ADEF2C3AA699004B2B76 /* 20920.swift */ = {isa = PBXFileReference; lastKnownFileType = sourcecode.swift; path = 20920.swift; sourceTree = "<group>"; };
		F824ADF12C3AA91F004B2B76 /* 21921.swift */ = {isa = PBXFileReference; lastKnownFileType = sourcecode.swift; path = 21921.swift; sourceTree = "<group>"; };
		F824ADF32C3AB022004B2B76 /* 1515.swift */ = {isa = PBXFileReference; lastKnownFileType = sourcecode.swift; path = 1515.swift; sourceTree = "<group>"; };
		F824ADF52C3D62AB004B2B76 /* 19941.swift */ = {isa = PBXFileReference; lastKnownFileType = sourcecode.swift; path = 19941.swift; sourceTree = "<group>"; };
		F824ADF72C3FB324004B2B76 /* 17484.swift */ = {isa = PBXFileReference; lastKnownFileType = sourcecode.swift; path = 17484.swift; sourceTree = "<group>"; };
		F824ADF92C3FBBBD004B2B76 /* 2607.swift */ = {isa = PBXFileReference; lastKnownFileType = sourcecode.swift; path = 2607.swift; sourceTree = "<group>"; };
		F824ADFB2C3FC405004B2B76 /* 3758.swift */ = {isa = PBXFileReference; lastKnownFileType = sourcecode.swift; path = 3758.swift; sourceTree = "<group>"; };
		F824ADFD2C4191EE004B2B76 /* 20310_.swift */ = {isa = PBXFileReference; lastKnownFileType = sourcecode.swift; path = 20310_.swift; sourceTree = "<group>"; };
		F824ADFF2C419447004B2B76 /* 19637.swift */ = {isa = PBXFileReference; lastKnownFileType = sourcecode.swift; path = 19637.swift; sourceTree = "<group>"; };
		F824AE012C4251EA004B2B76 /* 22233_.swift */ = {isa = PBXFileReference; lastKnownFileType = sourcecode.swift; path = 22233_.swift; sourceTree = "<group>"; };
		F824AE032C425B15004B2B76 /* 20006.swift */ = {isa = PBXFileReference; lastKnownFileType = sourcecode.swift; path = 20006.swift; sourceTree = "<group>"; };
		F824AE052C426E38004B2B76 /* 11501.swift */ = {isa = PBXFileReference; lastKnownFileType = sourcecode.swift; path = 11501.swift; sourceTree = "<group>"; };
		F834A7C22BAB4A6700A87F3C /* 055.swift */ = {isa = PBXFileReference; lastKnownFileType = sourcecode.swift; path = 055.swift; sourceTree = "<group>"; };
		F834A7C42BAB538200A87F3C /* 030.swift */ = {isa = PBXFileReference; lastKnownFileType = sourcecode.swift; path = 030.swift; sourceTree = "<group>"; };
		F834A7C62BAB5DF900A87F3C /* 031.swift */ = {isa = PBXFileReference; lastKnownFileType = sourcecode.swift; path = 031.swift; sourceTree = "<group>"; };
		F83651072B7B6C3A001F9057 /* BitwiseAnd.swift */ = {isa = PBXFileReference; lastKnownFileType = sourcecode.swift; path = BitwiseAnd.swift; sourceTree = "<group>"; };
		F83651092B7B70E1001F9057 /* EqualizingArrayElements.swift */ = {isa = PBXFileReference; lastKnownFileType = sourcecode.swift; path = EqualizingArrayElements.swift; sourceTree = "<group>"; };
		F85BCD612BBDACE400418BD2 /* 11399.swift */ = {isa = PBXFileReference; lastKnownFileType = sourcecode.swift; path = 11399.swift; sourceTree = "<group>"; };
		F85BCD632BBDAE2600418BD2 /* 1541.swift */ = {isa = PBXFileReference; lastKnownFileType = sourcecode.swift; path = 1541.swift; sourceTree = "<group>"; };
		F85BCD682BBDB2B200418BD2 /* 11659.swift */ = {isa = PBXFileReference; lastKnownFileType = sourcecode.swift; path = 11659.swift; sourceTree = "<group>"; };
		F85BCD6A2BBDB53800418BD2 /* 2559.swift */ = {isa = PBXFileReference; lastKnownFileType = sourcecode.swift; path = 2559.swift; sourceTree = "<group>"; };
		F85BCD6C2BBDBBBD00418BD2 /* 10986.swift */ = {isa = PBXFileReference; lastKnownFileType = sourcecode.swift; path = 10986.swift; sourceTree = "<group>"; };
		F85BCD6E2BBEAA2F00418BD2 /* 037.swift */ = {isa = PBXFileReference; lastKnownFileType = sourcecode.swift; path = 037.swift; sourceTree = "<group>"; };
		F85BCD702BBEB5F700418BD2 /* 038.swift */ = {isa = PBXFileReference; lastKnownFileType = sourcecode.swift; path = 038.swift; sourceTree = "<group>"; };
		F85BCD722BBEBA6700418BD2 /* 039.swift */ = {isa = PBXFileReference; lastKnownFileType = sourcecode.swift; path = 039.swift; sourceTree = "<group>"; };
		F85BCD742BBF162B00418BD2 /* 040.swift */ = {isa = PBXFileReference; lastKnownFileType = sourcecode.swift; path = 040.swift; sourceTree = "<group>"; };
		F85BCD762BBF182900418BD2 /* 11660.swift */ = {isa = PBXFileReference; lastKnownFileType = sourcecode.swift; path = 11660.swift; sourceTree = "<group>"; };
		F86D1DEE2B4E889300E6FB7F /* ProblemSolving */ = {isa = PBXFileReference; explicitFileType = "compiled.mach-o.executable"; includeInIndex = 0; path = ProblemSolving; sourceTree = BUILT_PRODUCTS_DIR; };
		F86D1DF92B4E896000E6FB7F /* 15651.swift */ = {isa = PBXFileReference; lastKnownFileType = sourcecode.swift; path = 15651.swift; sourceTree = "<group>"; };
		F86D1DFB2B4EAACF00E6FB7F /* 15649.swift */ = {isa = PBXFileReference; lastKnownFileType = sourcecode.swift; path = 15649.swift; sourceTree = "<group>"; };
		F86D1DFE2B4EAC8400E6FB7F /* 15652.swift */ = {isa = PBXFileReference; lastKnownFileType = sourcecode.swift; path = 15652.swift; sourceTree = "<group>"; };
		F86D1E022B4EADB400E6FB7F /* ProblemSolving-Bridging-Header.h */ = {isa = PBXFileReference; fileEncoding = 4; lastKnownFileType = sourcecode.c.h; path = "ProblemSolving-Bridging-Header.h"; sourceTree = "<group>"; };
		F86D1E032B4EAF1D00E6FB7F /* 15650.swift */ = {isa = PBXFileReference; lastKnownFileType = sourcecode.swift; path = 15650.swift; sourceTree = "<group>"; };
		F86D1E052B4EB20700E6FB7F /* 14888.swift */ = {isa = PBXFileReference; lastKnownFileType = sourcecode.swift; path = 14888.swift; sourceTree = "<group>"; };
		F86D1E082B4EBEB900E6FB7F /* 10852.swift */ = {isa = PBXFileReference; lastKnownFileType = sourcecode.swift; path = 10852.swift; sourceTree = "<group>"; };
		F86D1E0A2B4EC33A00E6FB7F /* 1015.swift */ = {isa = PBXFileReference; lastKnownFileType = sourcecode.swift; path = 1015.swift; sourceTree = "<group>"; };
		F86D1E0C2B4FA59200E6FB7F /* 11652.swift */ = {isa = PBXFileReference; lastKnownFileType = sourcecode.swift; path = 11652.swift; sourceTree = "<group>"; };
		F86D1E0E2B4FAE1100E6FB7F /* 15970.swift */ = {isa = PBXFileReference; lastKnownFileType = sourcecode.swift; path = 15970.swift; sourceTree = "<group>"; };
		F86D1E112B4FB45700E6FB7F /* 7795.swift */ = {isa = PBXFileReference; lastKnownFileType = sourcecode.swift; path = 7795.swift; sourceTree = "<group>"; };
		F86D1E132B4FBCB800E6FB7F /* 2470.swift */ = {isa = PBXFileReference; lastKnownFileType = sourcecode.swift; path = 2470.swift; sourceTree = "<group>"; };
		F86D1E152B4FF50300E6FB7F /* 2805.swift */ = {isa = PBXFileReference; lastKnownFileType = sourcecode.swift; path = 2805.swift; sourceTree = "<group>"; };
		F86D1E182B50041F00E6FB7F /* 1806.swift */ = {isa = PBXFileReference; lastKnownFileType = sourcecode.swift; path = 1806.swift; sourceTree = "<group>"; };
		F86D1E1A2B503B5500E6FB7F /* 13115.swift */ = {isa = PBXFileReference; lastKnownFileType = sourcecode.swift; path = 13115.swift; sourceTree = "<group>"; };
		F86D1E1C2B503D8400E6FB7F /* 1253.swift */ = {isa = PBXFileReference; lastKnownFileType = sourcecode.swift; path = 1253.swift; sourceTree = "<group>"; };
		F86D1E1F2B50416900E6FB7F /* 1260.swift */ = {isa = PBXFileReference; lastKnownFileType = sourcecode.swift; path = 1260.swift; sourceTree = "<group>"; };
		F88C30312B8351B200C0F4A4 /* equalStack.swift */ = {isa = PBXFileReference; lastKnownFileType = sourcecode.swift; path = equalStack.swift; sourceTree = "<group>"; };
		F88C30342B8358A400C0F4A4 /* newYearChaos.swift */ = {isa = PBXFileReference; lastKnownFileType = sourcecode.swift; path = newYearChaos.swift; sourceTree = "<group>"; };
		F88C30362B84BCA000C0F4A4 /* reverseALinkedList.swift */ = {isa = PBXFileReference; lastKnownFileType = sourcecode.swift; path = reverseALinkedList.swift; sourceTree = "<group>"; };
		F88C30392B85877900C0F4A4 /* 001.swift */ = {isa = PBXFileReference; lastKnownFileType = sourcecode.swift; path = 001.swift; sourceTree = "<group>"; };
		F88C303A2B85889D00C0F4A4 /* 002.swift */ = {isa = PBXFileReference; lastKnownFileType = sourcecode.swift; path = 002.swift; sourceTree = "<group>"; };
		F88C303C2B85892800C0F4A4 /* 003.swift */ = {isa = PBXFileReference; lastKnownFileType = sourcecode.swift; path = 003.swift; sourceTree = "<group>"; };
		F88C303E2B8589C800C0F4A4 /* 004.swift */ = {isa = PBXFileReference; lastKnownFileType = sourcecode.swift; path = 004.swift; sourceTree = "<group>"; };
		F88C30402B858B7800C0F4A4 /* 005.swift */ = {isa = PBXFileReference; lastKnownFileType = sourcecode.swift; path = 005.swift; sourceTree = "<group>"; };
		F88C30422B858BEB00C0F4A4 /* 006.swift */ = {isa = PBXFileReference; lastKnownFileType = sourcecode.swift; path = 006.swift; sourceTree = "<group>"; };
		F88C30442B858C2F00C0F4A4 /* 007.swift */ = {isa = PBXFileReference; lastKnownFileType = sourcecode.swift; path = 007.swift; sourceTree = "<group>"; };
		F88C30462B858CBE00C0F4A4 /* 008.swift */ = {isa = PBXFileReference; lastKnownFileType = sourcecode.swift; path = 008.swift; sourceTree = "<group>"; };
		F88C30472B8593AF00C0F4A4 /* 009.swift */ = {isa = PBXFileReference; lastKnownFileType = sourcecode.swift; path = 009.swift; sourceTree = "<group>"; };
		F88C30482B8594CD00C0F4A4 /* 010.swift */ = {isa = PBXFileReference; lastKnownFileType = sourcecode.swift; path = 010.swift; sourceTree = "<group>"; };
		F88C30492B85958800C0F4A4 /* 011.swift */ = {isa = PBXFileReference; lastKnownFileType = sourcecode.swift; path = 011.swift; sourceTree = "<group>"; };
		F89EB4E92B9AD1A7005DC1BD /* 007.swift */ = {isa = PBXFileReference; lastKnownFileType = sourcecode.swift; path = 007.swift; sourceTree = "<group>"; };
		F89EB4EB2B9AD536005DC1BD /* 036.swift */ = {isa = PBXFileReference; lastKnownFileType = sourcecode.swift; path = 036.swift; sourceTree = "<group>"; };
		F89EB4ED2B9ADC9E005DC1BD /* 008.swift */ = {isa = PBXFileReference; lastKnownFileType = sourcecode.swift; path = 008.swift; sourceTree = "<group>"; };
		F89EB4F02B9AE086005DC1BD /* 037.swift */ = {isa = PBXFileReference; lastKnownFileType = sourcecode.swift; path = 037.swift; sourceTree = "<group>"; };
		F89EB4F22B9AE366005DC1BD /* 009.swift */ = {isa = PBXFileReference; lastKnownFileType = sourcecode.swift; path = 009.swift; sourceTree = "<group>"; };
		F8AA078D2B7BDC40009F3198 /* plusMinus.swift */ = {isa = PBXFileReference; lastKnownFileType = sourcecode.swift; path = plusMinus.swift; sourceTree = "<group>"; };
		F8AA078F2B7BDD93009F3198 /* miniMaxSum.swift */ = {isa = PBXFileReference; lastKnownFileType = sourcecode.swift; path = miniMaxSum.swift; sourceTree = "<group>"; };
		F8AA07912B7BDECD009F3198 /* timeConversion.swift */ = {isa = PBXFileReference; lastKnownFileType = sourcecode.swift; path = timeConversion.swift; sourceTree = "<group>"; };
		F8AA07932B7BDFDA009F3198 /* sparseArrays.swift */ = {isa = PBXFileReference; lastKnownFileType = sourcecode.swift; path = sparseArrays.swift; sourceTree = "<group>"; };
		F8AA07952B7BE14C009F3198 /* lonelyInteger.swift */ = {isa = PBXFileReference; lastKnownFileType = sourcecode.swift; path = lonelyInteger.swift; sourceTree = "<group>"; };
		F8AA07972B7BE2AF009F3198 /* flippingBits.swift */ = {isa = PBXFileReference; lastKnownFileType = sourcecode.swift; path = flippingBits.swift; sourceTree = "<group>"; };
		F8AA07992B7BE4E1009F3198 /* diagonalDifference.swift */ = {isa = PBXFileReference; lastKnownFileType = sourcecode.swift; path = diagonalDifference.swift; sourceTree = "<group>"; };
		F8AA079B2B7BE622009F3198 /* countingSort1.swift */ = {isa = PBXFileReference; lastKnownFileType = sourcecode.swift; path = countingSort1.swift; sourceTree = "<group>"; };
		F8AA079D2B7BE842009F3198 /* pangrams.swift */ = {isa = PBXFileReference; lastKnownFileType = sourcecode.swift; path = pangrams.swift; sourceTree = "<group>"; };
		F8AA079F2B7BEA58009F3198 /* permutingTwoArrays.swift */ = {isa = PBXFileReference; lastKnownFileType = sourcecode.swift; path = permutingTwoArrays.swift; sourceTree = "<group>"; };
		F8AA07A12B7BEFDD009F3198 /* subarrayDivision.swift */ = {isa = PBXFileReference; lastKnownFileType = sourcecode.swift; path = subarrayDivision.swift; sourceTree = "<group>"; };
		F8AA07A32B7BF071009F3198 /* xorStrings2.swift */ = {isa = PBXFileReference; lastKnownFileType = sourcecode.swift; path = xorStrings2.swift; sourceTree = "<group>"; };
		F8B6E4DF2B68C9D600772BA2 /* 1516.swift */ = {isa = PBXFileReference; lastKnownFileType = sourcecode.swift; path = 1516.swift; sourceTree = "<group>"; };
		F8B6E4E22B6A6A6C00772BA2 /* 1003.swift */ = {isa = PBXFileReference; lastKnownFileType = sourcecode.swift; path = 1003.swift; sourceTree = "<group>"; };
		F8B6E4E42B6A72AE00772BA2 /* 10870.swift */ = {isa = PBXFileReference; lastKnownFileType = sourcecode.swift; path = 10870.swift; sourceTree = "<group>"; };
		F8B6E4E62B6A752100772BA2 /* 15988.swift */ = {isa = PBXFileReference; lastKnownFileType = sourcecode.swift; path = 15988.swift; sourceTree = "<group>"; };
		F8B6E4E82B6A7E6600772BA2 /* 15991.swift */ = {isa = PBXFileReference; lastKnownFileType = sourcecode.swift; path = 15991.swift; sourceTree = "<group>"; };
		F8B6E4EC2B6B552000772BA2 /* 11052.swift */ = {isa = PBXFileReference; lastKnownFileType = sourcecode.swift; path = 11052.swift; sourceTree = "<group>"; };
		F8B6E4EE2B6B5D5A00772BA2 /* 15990.swift */ = {isa = PBXFileReference; lastKnownFileType = sourcecode.swift; path = 15990.swift; sourceTree = "<group>"; };
		F8BB45D02B6CA77A004BD5B4 /* 17266.swift */ = {isa = PBXFileReference; lastKnownFileType = sourcecode.swift; path = 17266.swift; sourceTree = "<group>"; };
		F8BB45D22B6CAF31004BD5B4 /* 6136.swift */ = {isa = PBXFileReference; lastKnownFileType = sourcecode.swift; path = 6136.swift; sourceTree = "<group>"; };
		F8BB45D42B6F8418004BD5B4 /* 18404.swift */ = {isa = PBXFileReference; lastKnownFileType = sourcecode.swift; path = 18404.swift; sourceTree = "<group>"; };
		F8BB45D62B6F8BBA004BD5B4 /* 15565.swift */ = {isa = PBXFileReference; lastKnownFileType = sourcecode.swift; path = 15565.swift; sourceTree = "<group>"; };
		F8BB45D82B6F9532004BD5B4 /* 17127.swift */ = {isa = PBXFileReference; lastKnownFileType = sourcecode.swift; path = 17127.swift; sourceTree = "<group>"; };
		F8BB45DA2B6F9B67004BD5B4 /* 4690.swift */ = {isa = PBXFileReference; lastKnownFileType = sourcecode.swift; path = 4690.swift; sourceTree = "<group>"; };
		F8BB45DC2B6FA0AC004BD5B4 /* 9094.swift */ = {isa = PBXFileReference; lastKnownFileType = sourcecode.swift; path = 9094.swift; sourceTree = "<group>"; };
		F8BB45DE2B6FB71E004BD5B4 /* 1813.swift */ = {isa = PBXFileReference; lastKnownFileType = sourcecode.swift; path = 1813.swift; sourceTree = "<group>"; };
		F8BB45E02B6FBE6D004BD5B4 /* 2231.swift */ = {isa = PBXFileReference; lastKnownFileType = sourcecode.swift; path = 2231.swift; sourceTree = "<group>"; };
		F8BB45E22B6FC14E004BD5B4 /* 2309.swift */ = {isa = PBXFileReference; lastKnownFileType = sourcecode.swift; path = 2309.swift; sourceTree = "<group>"; };
		F8BB45E42B6FC5D3004BD5B4 /* 2386.swift */ = {isa = PBXFileReference; lastKnownFileType = sourcecode.swift; path = 2386.swift; sourceTree = "<group>"; };
		F8C539F62B72483100B167FE /* 10448.swift */ = {isa = PBXFileReference; lastKnownFileType = sourcecode.swift; path = 10448.swift; sourceTree = "<group>"; };
		F8C539F82B724FC800B167FE /* 2851.swift */ = {isa = PBXFileReference; lastKnownFileType = sourcecode.swift; path = 2851.swift; sourceTree = "<group>"; };
		F8C539FA2B72555900B167FE /* 4641.swift */ = {isa = PBXFileReference; lastKnownFileType = sourcecode.swift; path = 4641.swift; sourceTree = "<group>"; };
		F8C539FC2B72569C00B167FE /* 18512.swift */ = {isa = PBXFileReference; lastKnownFileType = sourcecode.swift; path = 18512.swift; sourceTree = "<group>"; };
		F8C539FE2B72831000B167FE /* 1373.swift */ = {isa = PBXFileReference; lastKnownFileType = sourcecode.swift; path = 1373.swift; sourceTree = "<group>"; };
		F8C53A002B728E4300B167FE /* 1032.swift */ = {isa = PBXFileReference; lastKnownFileType = sourcecode.swift; path = 1032.swift; sourceTree = "<group>"; };
		F8C53A022B735ABB00B167FE /* 1110.swift */ = {isa = PBXFileReference; lastKnownFileType = sourcecode.swift; path = 1110.swift; sourceTree = "<group>"; };
		F8C53A042B7362A900B167FE /* 1157.swift */ = {isa = PBXFileReference; lastKnownFileType = sourcecode.swift; path = 1157.swift; sourceTree = "<group>"; };
		F8C53A062B7367C200B167FE /* 1356.swift */ = {isa = PBXFileReference; lastKnownFileType = sourcecode.swift; path = 1356.swift; sourceTree = "<group>"; };
		F8C53A082B736BD100B167FE /* 1357.swift */ = {isa = PBXFileReference; lastKnownFileType = sourcecode.swift; path = 1357.swift; sourceTree = "<group>"; };
		F8C53A0A2B737DD900B167FE /* 6996.swift */ = {isa = PBXFileReference; lastKnownFileType = sourcecode.swift; path = 6996.swift; sourceTree = "<group>"; };
		F8C53A0C2B737EF900B167FE /* 9093.swift */ = {isa = PBXFileReference; lastKnownFileType = sourcecode.swift; path = 9093.swift; sourceTree = "<group>"; };
		F8C53A0E2B737FC300B167FE /* 8595.swift */ = {isa = PBXFileReference; lastKnownFileType = sourcecode.swift; path = 8595.swift; sourceTree = "<group>"; };
		F8C53A102B7385BF00B167FE /* 9933.swift */ = {isa = PBXFileReference; lastKnownFileType = sourcecode.swift; path = 9933.swift; sourceTree = "<group>"; };
		F8C53A122B738A2B00B167FE /* 10798.swift */ = {isa = PBXFileReference; lastKnownFileType = sourcecode.swift; path = 10798.swift; sourceTree = "<group>"; };
		F8C53A142B738E7600B167FE /* 10679.swift */ = {isa = PBXFileReference; lastKnownFileType = sourcecode.swift; path = 10679.swift; sourceTree = "<group>"; };
		F8C53A162B7393E000B167FE /* 1251.swift */ = {isa = PBXFileReference; lastKnownFileType = sourcecode.swift; path = 1251.swift; sourceTree = "<group>"; };
		F8C53A182B739A5700B167FE /* 1652.swift */ = {isa = PBXFileReference; lastKnownFileType = sourcecode.swift; path = 1652.swift; sourceTree = "<group>"; };
		F8C53A1C2B73BE1100B167FE /* minWindowSubstring.swift */ = {isa = PBXFileReference; lastKnownFileType = sourcecode.swift; path = minWindowSubstring.swift; sourceTree = "<group>"; };
		F8C53A1F2B73C8E300B167FE /* theConstructor.swift */ = {isa = PBXFileReference; lastKnownFileType = sourcecode.swift; path = theConstructor.swift; sourceTree = "<group>"; };
		F8C53A212B73CEF800B167FE /* codelandUsernameValidation.swift */ = {isa = PBXFileReference; lastKnownFileType = sourcecode.swift; path = codelandUsernameValidation.swift; sourceTree = "<group>"; };
		F8C53A232B73D21E00B167FE /* findIntersection.swift */ = {isa = PBXFileReference; lastKnownFileType = sourcecode.swift; path = findIntersection.swift; sourceTree = "<group>"; };
		F8C53A252B73D98F00B167FE /* questionMarks.swift.swift */ = {isa = PBXFileReference; lastKnownFileType = sourcecode.swift; path = questionMarks.swift.swift; sourceTree = "<group>"; };
		F8C53A272B73DBE300B167FE /* firstReverse.swift */ = {isa = PBXFileReference; lastKnownFileType = sourcecode.swift; path = firstReverse.swift; sourceTree = "<group>"; };
		F8C53A2A2B73DCE100B167FE /* firstFactorial.swift */ = {isa = PBXFileReference; lastKnownFileType = sourcecode.swift; path = firstFactorial.swift; sourceTree = "<group>"; };
		F8C53A2C2B73DFB300B167FE /* longestWord.swift */ = {isa = PBXFileReference; lastKnownFileType = sourcecode.swift; path = longestWord.swift; sourceTree = "<group>"; };
		F8C53A2E2B73E21800B167FE /* brackerMatcher.swift */ = {isa = PBXFileReference; lastKnownFileType = sourcecode.swift; path = brackerMatcher.swift; sourceTree = "<group>"; };
		F8C73C1A2B5BB2B700E00110 /* 5639.swift */ = {isa = PBXFileReference; lastKnownFileType = sourcecode.swift; path = 5639.swift; sourceTree = "<group>"; };
		F8C73C1C2B5BBB7F00E00110 /* 15900.swift */ = {isa = PBXFileReference; lastKnownFileType = sourcecode.swift; path = 15900.swift; sourceTree = "<group>"; };
		F8C73C1E2B5BC43D00E00110 /* 20364.swift */ = {isa = PBXFileReference; lastKnownFileType = sourcecode.swift; path = 20364.swift; sourceTree = "<group>"; };
		F8C782402BBACDF4003A6738 /* 11047.swift */ = {isa = PBXFileReference; lastKnownFileType = sourcecode.swift; path = 11047.swift; sourceTree = "<group>"; };
		F8C782422BBAD0AA003A6738 /* 1931.swift */ = {isa = PBXFileReference; lastKnownFileType = sourcecode.swift; path = 1931.swift; sourceTree = "<group>"; };
		F8CC57802B60F79600366EFB /* 16472.swift */ = {isa = PBXFileReference; lastKnownFileType = sourcecode.swift; path = 16472.swift; sourceTree = "<group>"; };
		F8CD742C2B58EBB800194DD3 /* 11066.swift */ = {isa = PBXFileReference; lastKnownFileType = sourcecode.swift; path = 11066.swift; sourceTree = "<group>"; };
		F8CD742E2B58EE5200194DD3 /* 9663.swift */ = {isa = PBXFileReference; lastKnownFileType = sourcecode.swift; path = 9663.swift; sourceTree = "<group>"; };
		F8CD74302B58EEDB00194DD3 /* 1182.swift */ = {isa = PBXFileReference; lastKnownFileType = sourcecode.swift; path = 1182.swift; sourceTree = "<group>"; };
		F8CD74322B58FC4C00194DD3 /* 1181.swift */ = {isa = PBXFileReference; lastKnownFileType = sourcecode.swift; path = 1181.swift; sourceTree = "<group>"; };
		F8CD74342B58FE8500194DD3 /* 1920.swift */ = {isa = PBXFileReference; lastKnownFileType = sourcecode.swift; path = 1920.swift; sourceTree = "<group>"; };
		F8CD74362B59185200194DD3 /* 1764.swift */ = {isa = PBXFileReference; lastKnownFileType = sourcecode.swift; path = 1764.swift; sourceTree = "<group>"; };
		F8CE4C432B56351900702D75 /* 1916.swift */ = {isa = PBXFileReference; lastKnownFileType = sourcecode.swift; path = 1916.swift; sourceTree = "<group>"; };
		F8CE4C452B5648E300702D75 /* 1753.swift */ = {isa = PBXFileReference; lastKnownFileType = sourcecode.swift; path = 1753.swift; sourceTree = "<group>"; };
		F8D09CAE2B526E07005146CC /* 2667.swift */ = {isa = PBXFileReference; lastKnownFileType = sourcecode.swift; path = 2667.swift; sourceTree = "<group>"; };
		F8D09CB02B5277FF005146CC /* 2251.swift */ = {isa = PBXFileReference; lastKnownFileType = sourcecode.swift; path = 2251.swift; sourceTree = "<group>"; };
		F8D09CB22B527BE0005146CC /* 14502.swift */ = {isa = PBXFileReference; lastKnownFileType = sourcecode.swift; path = 14502.swift; sourceTree = "<group>"; };
		F8D09CB52B528127005146CC /* 2178.swift */ = {isa = PBXFileReference; lastKnownFileType = sourcecode.swift; path = 2178.swift; sourceTree = "<group>"; };
		F8D395692B57880F0000F8AD /* 9095.swift */ = {isa = PBXFileReference; lastKnownFileType = sourcecode.swift; path = 9095.swift; sourceTree = "<group>"; };
		F8D3956B2B578EB40000F8AD /* 11726.swift */ = {isa = PBXFileReference; lastKnownFileType = sourcecode.swift; path = 11726.swift; sourceTree = "<group>"; };
		F8D3956D2B5796970000F8AD /* 2579.swift */ = {isa = PBXFileReference; lastKnownFileType = sourcecode.swift; path = 2579.swift; sourceTree = "<group>"; };
		F8D3956F2B57AA120000F8AD /* 11057.swift */ = {isa = PBXFileReference; lastKnownFileType = sourcecode.swift; path = 11057.swift; sourceTree = "<group>"; };
		F8D818E02B6232CE0004B370 /* 1759.swift */ = {isa = PBXFileReference; lastKnownFileType = sourcecode.swift; path = 1759.swift; sourceTree = "<group>"; };
		F8D818E22B623AA60004B370 /* 2003.swift */ = {isa = PBXFileReference; lastKnownFileType = sourcecode.swift; path = 2003.swift; sourceTree = "<group>"; };
		F8D818E42B6242B10004B370 /* 11728.swift */ = {isa = PBXFileReference; lastKnownFileType = sourcecode.swift; path = 11728.swift; sourceTree = "<group>"; };
		F8D880A72BA08E83005D421F /* 018.swift */ = {isa = PBXFileReference; lastKnownFileType = sourcecode.swift; path = 018.swift; sourceTree = "<group>"; };
		F8D9197D2B5E234F00D8867A /* 2623.swift */ = {isa = PBXFileReference; lastKnownFileType = sourcecode.swift; path = 2623.swift; sourceTree = "<group>"; };
		F8D9197F2B5E27F100D8867A /* 2056.swift */ = {isa = PBXFileReference; lastKnownFileType = sourcecode.swift; path = 2056.swift; sourceTree = "<group>"; };
		F8D919822B5E49C100D8867A /* 2512.swift */ = {isa = PBXFileReference; lastKnownFileType = sourcecode.swift; path = 2512.swift; sourceTree = "<group>"; };
		F8D9E4E12B5EC89100196C66 /* 20291.swift */ = {isa = PBXFileReference; lastKnownFileType = sourcecode.swift; path = 20291.swift; sourceTree = "<group>"; };
		F8D9E4E32B5ECB4900196C66 /* 2343.swift */ = {isa = PBXFileReference; lastKnownFileType = sourcecode.swift; path = 2343.swift; sourceTree = "<group>"; };
		F8D9E4E62B5FA86D00196C66 /* 13702.swift */ = {isa = PBXFileReference; lastKnownFileType = sourcecode.swift; path = 13702.swift; sourceTree = "<group>"; };
		F8D9E4E82B5FAF4A00196C66 /* 4083.swift */ = {isa = PBXFileReference; lastKnownFileType = sourcecode.swift; path = 4083.swift; sourceTree = "<group>"; };
		F8D9E4EA2B5FCDAA00196C66 /* 3184.swift */ = {isa = PBXFileReference; lastKnownFileType = sourcecode.swift; path = 3184.swift; sourceTree = "<group>"; };
		F8D9E4EC2B5FD3A400196C66 /* 11403.swift */ = {isa = PBXFileReference; lastKnownFileType = sourcecode.swift; path = 11403.swift; sourceTree = "<group>"; };
		F8D9E4EE2B5FDC1C00196C66 /* 15681.swift */ = {isa = PBXFileReference; lastKnownFileType = sourcecode.swift; path = 15681.swift; sourceTree = "<group>"; };
		F8D9E4F02B5FE30E00196C66 /* 15681_2.swift */ = {isa = PBXFileReference; lastKnownFileType = sourcecode.swift; path = 15681_2.swift; sourceTree = "<group>"; };
		F8D9E4F32B601AB700196C66 /* 26866.swift */ = {isa = PBXFileReference; lastKnownFileType = sourcecode.swift; path = 26866.swift; sourceTree = "<group>"; };
		F8D9E4F52B601BAB00196C66 /* 2743.swift */ = {isa = PBXFileReference; lastKnownFileType = sourcecode.swift; path = 2743.swift; sourceTree = "<group>"; };
		F8D9E4F72B601BE400196C66 /* 9086.swift */ = {isa = PBXFileReference; lastKnownFileType = sourcecode.swift; path = 9086.swift; sourceTree = "<group>"; };
		F8D9E4F92B601C7200196C66 /* 11654.swift */ = {isa = PBXFileReference; lastKnownFileType = sourcecode.swift; path = 11654.swift; sourceTree = "<group>"; };
		F8D9E4FB2B601CDE00196C66 /* 11720.swift */ = {isa = PBXFileReference; lastKnownFileType = sourcecode.swift; path = 11720.swift; sourceTree = "<group>"; };
		F8D9E4FD2B601DB300196C66 /* 10809.swift */ = {isa = PBXFileReference; lastKnownFileType = sourcecode.swift; path = 10809.swift; sourceTree = "<group>"; };
		F8D9E4FF2B601F6C00196C66 /* 2675.swift */ = {isa = PBXFileReference; lastKnownFileType = sourcecode.swift; path = 2675.swift; sourceTree = "<group>"; };
		F8D9E5012B60204700196C66 /* 1152.swift */ = {isa = PBXFileReference; lastKnownFileType = sourcecode.swift; path = 1152.swift; sourceTree = "<group>"; };
		F8D9E5032B6020CD00196C66 /* 2908.swift */ = {isa = PBXFileReference; lastKnownFileType = sourcecode.swift; path = 2908.swift; sourceTree = "<group>"; };
		F8D9E5072B6021FE00196C66 /* 5622.swift */ = {isa = PBXFileReference; lastKnownFileType = sourcecode.swift; path = 5622.swift; sourceTree = "<group>"; };
		F8D9E5092B60231700196C66 /* 11718.swift */ = {isa = PBXFileReference; lastKnownFileType = sourcecode.swift; path = 11718.swift; sourceTree = "<group>"; };
		F8DA12532B636A1E00278AAA /* 1389.swift */ = {isa = PBXFileReference; lastKnownFileType = sourcecode.swift; path = 1389.swift; sourceTree = "<group>"; };
		F8DA12552B636DF100278AAA /* 9489.swift */ = {isa = PBXFileReference; lastKnownFileType = sourcecode.swift; path = 9489.swift; sourceTree = "<group>"; };
		F8DA12572B636E2100278AAA /* 14267.swift */ = {isa = PBXFileReference; lastKnownFileType = sourcecode.swift; path = 14267.swift; sourceTree = "<group>"; };
		F8DA12592B63768F00278AAA /* 14676.swift */ = {isa = PBXFileReference; lastKnownFileType = sourcecode.swift; path = 14676.swift; sourceTree = "<group>"; };
		F8DA328A2B542E350044278F /* 1697.swift */ = {isa = PBXFileReference; lastKnownFileType = sourcecode.swift; path = 1697.swift; sourceTree = "<group>"; };
		F8DA328C2B54342F0044278F /* 3055.swift */ = {isa = PBXFileReference; lastKnownFileType = sourcecode.swift; path = 3055.swift; sourceTree = "<group>"; };
		F8DEF00D2B5A4E7B00E15C71 /* 11724.swift */ = {isa = PBXFileReference; lastKnownFileType = sourcecode.swift; path = 11724.swift; sourceTree = "<group>"; };
		F8DEF00F2B5A52CC00E15C71 /* 2606.swift */ = {isa = PBXFileReference; lastKnownFileType = sourcecode.swift; path = 2606.swift; sourceTree = "<group>"; };
		F8DEF0112B5A563A00E15C71 /* 2644.swift */ = {isa = PBXFileReference; lastKnownFileType = sourcecode.swift; path = 2644.swift; sourceTree = "<group>"; };
		F8DEF0132B5A5BFB00E15C71 /* 1991.swift */ = {isa = PBXFileReference; lastKnownFileType = sourcecode.swift; path = 1991.swift; sourceTree = "<group>"; };
		F8E86C912BBA5A02004D9CB1 /* 24445.swift */ = {isa = PBXFileReference; lastKnownFileType = sourcecode.swift; path = 24445.swift; sourceTree = "<group>"; };
		F8E86C922BBA5A48004D9CB1 /* 1504.swift */ = {isa = PBXFileReference; lastKnownFileType = sourcecode.swift; path = 1504.swift; sourceTree = "<group>"; };
		F8E8D2E62BB50C0600C27031 /* 14425.swift */ = {isa = PBXFileReference; lastKnownFileType = sourcecode.swift; path = 14425.swift; sourceTree = "<group>"; };
		F8E8D2E82BB50D4500C27031 /* 7785.swift */ = {isa = PBXFileReference; lastKnownFileType = sourcecode.swift; path = 7785.swift; sourceTree = "<group>"; };
		F8E8D2EA2BB5106D00C27031 /* 1269.swift */ = {isa = PBXFileReference; lastKnownFileType = sourcecode.swift; path = 1269.swift; sourceTree = "<group>"; };
		F8E8D2EC2BB5118500C27031 /* 11478.swift */ = {isa = PBXFileReference; lastKnownFileType = sourcecode.swift; path = 11478.swift; sourceTree = "<group>"; };
		F8E8D2EF2BB51B8D00C27031 /* 13241.swift */ = {isa = PBXFileReference; lastKnownFileType = sourcecode.swift; path = 13241.swift; sourceTree = "<group>"; };
		F8E8D2F12BB51D3D00C27031 /* 1735.swift */ = {isa = PBXFileReference; lastKnownFileType = sourcecode.swift; path = 1735.swift; sourceTree = "<group>"; };
		F8E8D2F32BB521BC00C27031 /* 2458.swift */ = {isa = PBXFileReference; lastKnownFileType = sourcecode.swift; path = 2458.swift; sourceTree = "<group>"; };
		F8E8D2F62BB533C800C27031 /* 2941.swift */ = {isa = PBXFileReference; lastKnownFileType = sourcecode.swift; path = 2941.swift; sourceTree = "<group>"; };
		F8E8D2F82BB5371B00C27031 /* 1316.swift */ = {isa = PBXFileReference; lastKnownFileType = sourcecode.swift; path = 1316.swift; sourceTree = "<group>"; };
		F8E8D2FA2BB5394A00C27031 /* 25206.swift */ = {isa = PBXFileReference; lastKnownFileType = sourcecode.swift; path = 25206.swift; sourceTree = "<group>"; };
		F8E9EBC72BB424AE0032961C /* 2798.swift */ = {isa = PBXFileReference; lastKnownFileType = sourcecode.swift; path = 2798.swift; sourceTree = "<group>"; };
		F8E9EBC92BB429650032961C /* 19532.swift */ = {isa = PBXFileReference; lastKnownFileType = sourcecode.swift; path = 19532.swift; sourceTree = "<group>"; };
		F8E9EBCB2BB42B700032961C /* 2750.swift */ = {isa = PBXFileReference; lastKnownFileType = sourcecode.swift; path = 2750.swift; sourceTree = "<group>"; };
		F8E9EBCD2BB42C2B0032961C /* 1427.swift */ = {isa = PBXFileReference; lastKnownFileType = sourcecode.swift; path = 1427.swift; sourceTree = "<group>"; };
		F8E9EBCF2BB42CFF0032961C /* 11650.swift */ = {isa = PBXFileReference; lastKnownFileType = sourcecode.swift; path = 11650.swift; sourceTree = "<group>"; };
		F8E9EBD22BB42EED0032961C /* 11651.swift */ = {isa = PBXFileReference; lastKnownFileType = sourcecode.swift; path = 11651.swift; sourceTree = "<group>"; };
		F8E9EBD42BB42F7F0032961C /* 10814.swift */ = {isa = PBXFileReference; lastKnownFileType = sourcecode.swift; path = 10814.swift; sourceTree = "<group>"; };
		F8E9EBD62BB432440032961C /* 18870.swift */ = {isa = PBXFileReference; lastKnownFileType = sourcecode.swift; path = 18870.swift; sourceTree = "<group>"; };
		F8E9EBDA2BB440830032961C /* 1436.swift */ = {isa = PBXFileReference; lastKnownFileType = sourcecode.swift; path = 1436.swift; sourceTree = "<group>"; };
		F8E9EBDC2BB444520032961C /* 2839.swift */ = {isa = PBXFileReference; lastKnownFileType = sourcecode.swift; path = 2839.swift; sourceTree = "<group>"; };
		F8E9EBDF2BB4492F0032961C /* 100815.swift */ = {isa = PBXFileReference; lastKnownFileType = sourcecode.swift; path = 100815.swift; sourceTree = "<group>"; };
		F8EEB40C2BB5A1EE00EEF43D /* 4949.swift */ = {isa = PBXFileReference; lastKnownFileType = sourcecode.swift; path = 4949.swift; sourceTree = "<group>"; };
		F8EEB40E2BB5A41A00EEF43D /* 12789.swift */ = {isa = PBXFileReference; lastKnownFileType = sourcecode.swift; path = 12789.swift; sourceTree = "<group>"; };
		F8EEB4102BB5BB3200EEF43D /* 24479.swift */ = {isa = PBXFileReference; lastKnownFileType = sourcecode.swift; path = 24479.swift; sourceTree = "<group>"; };
		F8EEB4122BB5C09E00EEF43D /* 24480.swift */ = {isa = PBXFileReference; lastKnownFileType = sourcecode.swift; path = 24480.swift; sourceTree = "<group>"; };
		F8EEB4142BB5C15C00EEF43D /* 2444.swift */ = {isa = PBXFileReference; lastKnownFileType = sourcecode.swift; path = 2444.swift; sourceTree = "<group>"; };
		F8EEB4162BB5C4AC00EEF43D /* 7562.swift */ = {isa = PBXFileReference; lastKnownFileType = sourcecode.swift; path = 7562.swift; sourceTree = "<group>"; };
		F8F1AE3A2BB6B00900AAAA4E /* 24416.swift */ = {isa = PBXFileReference; lastKnownFileType = sourcecode.swift; path = 24416.swift; sourceTree = "<group>"; };
		F8F1AE3C2BB6B26700AAAA4E /* 9184.swift */ = {isa = PBXFileReference; lastKnownFileType = sourcecode.swift; path = 9184.swift; sourceTree = "<group>"; };
		F8F1AE3E2BB6B74100AAAA4E /* 1904.swift */ = {isa = PBXFileReference; lastKnownFileType = sourcecode.swift; path = 1904.swift; sourceTree = "<group>"; };
		F8F1AE402BB6BBEF00AAAA4E /* 9461.swift */ = {isa = PBXFileReference; lastKnownFileType = sourcecode.swift; path = 9461.swift; sourceTree = "<group>"; };
		F8F360642BA815AF00EB1885 /* 026.swift */ = {isa = PBXFileReference; lastKnownFileType = sourcecode.swift; path = 026.swift; sourceTree = "<group>"; };
		F8F360662BA81C4D00EB1885 /* 050.swift */ = {isa = PBXFileReference; lastKnownFileType = sourcecode.swift; path = 050.swift; sourceTree = "<group>"; };
		F8F360682BA820AA00EB1885 /* 051.swift */ = {isa = PBXFileReference; lastKnownFileType = sourcecode.swift; path = 051.swift; sourceTree = "<group>"; };
		F8F3609A2BA9C99800EB1885 /* 052.swift */ = {isa = PBXFileReference; lastKnownFileType = sourcecode.swift; path = 052.swift; sourceTree = "<group>"; };
		F8F3609C2BA9D15000EB1885 /* 027.swift */ = {isa = PBXFileReference; lastKnownFileType = sourcecode.swift; path = 027.swift; sourceTree = "<group>"; };
		F8F3609E2BA9DBB800EB1885 /* 028.swift */ = {isa = PBXFileReference; lastKnownFileType = sourcecode.swift; path = 028.swift; sourceTree = "<group>"; };
		F8F394EC2B7C44BB00DA4325 /* salesByMatch.swift */ = {isa = PBXFileReference; lastKnownFileType = sourcecode.swift; path = salesByMatch.swift; sourceTree = "<group>"; };
		F8F394ED2B7C46C800DA4325 /* zigZagSequence.swift */ = {isa = PBXFileReference; lastKnownFileType = sourcecode.swift; path = zigZagSequence.swift; sourceTree = "<group>"; };
		F8F394EE2B7C492E00DA4325 /* drawingBook.swift */ = {isa = PBXFileReference; lastKnownFileType = sourcecode.swift; path = drawingBook.swift; sourceTree = "<group>"; };
		F8F394EF2B7CB71200DA4325 /* towerBreakers.swift */ = {isa = PBXFileReference; lastKnownFileType = sourcecode.swift; path = towerBreakers.swift; sourceTree = "<group>"; };
		F8F394F02B7CBD2200DA4325 /* caesarCiper.swift */ = {isa = PBXFileReference; lastKnownFileType = sourcecode.swift; path = caesarCiper.swift; sourceTree = "<group>"; };
		F8F394F12B7D9CEB00DA4325 /* maxMin.swift */ = {isa = PBXFileReference; lastKnownFileType = sourcecode.swift; path = maxMin.swift; sourceTree = "<group>"; };
		F8F394F32B7E00F200DA4325 /* gridChallenge.swift */ = {isa = PBXFileReference; lastKnownFileType = sourcecode.swift; path = gridChallenge.swift; sourceTree = "<group>"; };
		F8F394F42B7E07A100DA4325 /* primeDates.swift */ = {isa = PBXFileReference; lastKnownFileType = sourcecode.swift; path = primeDates.swift; sourceTree = "<group>"; };
		F8F394F52B7E097400DA4325 /* sherlockAndArray.swift */ = {isa = PBXFileReference; lastKnownFileType = sourcecode.swift; path = sherlockAndArray.swift; sourceTree = "<group>"; };
		F8F394F62B7E125600DA4325 /* recursiveDigitSum.swift */ = {isa = PBXFileReference; lastKnownFileType = sourcecode.swift; path = recursiveDigitSum.swift; sourceTree = "<group>"; };
		F8F394F82B7E166C00DA4325 /* counterGame.swift */ = {isa = PBXFileReference; lastKnownFileType = sourcecode.swift; path = counterGame.swift; sourceTree = "<group>"; };
		F8F510C52B9982EF00377B1E /* 012.swift */ = {isa = PBXFileReference; lastKnownFileType = sourcecode.swift; path = 012.swift; sourceTree = "<group>"; };
		F8F510C72B9984BF00377B1E /* 013.swift */ = {isa = PBXFileReference; lastKnownFileType = sourcecode.swift; path = 013.swift; sourceTree = "<group>"; };
		F8F510C92B99859800377B1E /* 014.swift */ = {isa = PBXFileReference; lastKnownFileType = sourcecode.swift; path = 014.swift; sourceTree = "<group>"; };
		F8F510CB2B9986D100377B1E /* 015.swift */ = {isa = PBXFileReference; lastKnownFileType = sourcecode.swift; path = 015.swift; sourceTree = "<group>"; };
		F8F510CC2B9986F600377B1E /* 016.swift */ = {isa = PBXFileReference; lastKnownFileType = sourcecode.swift; path = 016.swift; sourceTree = "<group>"; };
		F8F510CE2B998A5700377B1E /* 017.swift */ = {isa = PBXFileReference; lastKnownFileType = sourcecode.swift; path = 017.swift; sourceTree = "<group>"; };
		F8F510D02B998B7500377B1E /* 018.swift */ = {isa = PBXFileReference; lastKnownFileType = sourcecode.swift; path = 018.swift; sourceTree = "<group>"; };
		F8F510D12B998BA100377B1E /* 019.swift */ = {isa = PBXFileReference; lastKnownFileType = sourcecode.swift; path = 019.swift; sourceTree = "<group>"; };
		F8F510D32B9990B700377B1E /* 020.swift */ = {isa = PBXFileReference; lastKnownFileType = sourcecode.swift; path = 020.swift; sourceTree = "<group>"; };
		F8F510D52B9991D300377B1E /* 021.swift */ = {isa = PBXFileReference; lastKnownFileType = sourcecode.swift; path = 021.swift; sourceTree = "<group>"; };
		F8F510D72B99931200377B1E /* 022.swift */ = {isa = PBXFileReference; lastKnownFileType = sourcecode.swift; path = 022.swift; sourceTree = "<group>"; };
		F8F510D82B99938900377B1E /* 023.swift */ = {isa = PBXFileReference; lastKnownFileType = sourcecode.swift; path = 023.swift; sourceTree = "<group>"; };
		F8F510DA2B9993AF00377B1E /* 024.swift */ = {isa = PBXFileReference; lastKnownFileType = sourcecode.swift; path = 024.swift; sourceTree = "<group>"; };
		F8F510DD2B99965500377B1E /* 025.swift */ = {isa = PBXFileReference; lastKnownFileType = sourcecode.swift; path = 025.swift; sourceTree = "<group>"; };
		F8F510DF2B9996B800377B1E /* 026.swift */ = {isa = PBXFileReference; lastKnownFileType = sourcecode.swift; path = 026.swift; sourceTree = "<group>"; };
		F8F510E12B9998DF00377B1E /* 027.swift */ = {isa = PBXFileReference; lastKnownFileType = sourcecode.swift; path = 027.swift; sourceTree = "<group>"; };
		F8F510E42B999A2000377B1E /* 028.swift */ = {isa = PBXFileReference; lastKnownFileType = sourcecode.swift; path = 028.swift; sourceTree = "<group>"; };
		F8F510E62B999B9C00377B1E /* 001.swift */ = {isa = PBXFileReference; lastKnownFileType = sourcecode.swift; path = 001.swift; sourceTree = "<group>"; };
		F8F510E72B999BE300377B1E /* 029.swift */ = {isa = PBXFileReference; lastKnownFileType = sourcecode.swift; path = 029.swift; sourceTree = "<group>"; };
		F8F510E92B999D2C00377B1E /* 002.swift */ = {isa = PBXFileReference; lastKnownFileType = sourcecode.swift; path = 002.swift; sourceTree = "<group>"; };
		F8F510EB2B999F3D00377B1E /* 003.swift */ = {isa = PBXFileReference; lastKnownFileType = sourcecode.swift; path = 003.swift; sourceTree = "<group>"; };
		F8F510ED2B99A36000377B1E /* 004.swift */ = {isa = PBXFileReference; lastKnownFileType = sourcecode.swift; path = 004.swift; sourceTree = "<group>"; };
		F8F510EF2B99A66300377B1E /* 030.swift */ = {isa = PBXFileReference; lastKnownFileType = sourcecode.swift; path = 030.swift; sourceTree = "<group>"; };
		F8F510F12B99BF9100377B1E /* 005.swift */ = {isa = PBXFileReference; lastKnownFileType = sourcecode.swift; path = 005.swift; sourceTree = "<group>"; };
		F8F510F32B99D93A00377B1E /* 006.swift */ = {isa = PBXFileReference; lastKnownFileType = sourcecode.swift; path = 006.swift; sourceTree = "<group>"; };
		F8F510F52B99D95000377B1E /* 031.swift */ = {isa = PBXFileReference; lastKnownFileType = sourcecode.swift; path = 031.swift; sourceTree = "<group>"; };
		F8F510F72B99DD7000377B1E /* 032.swift */ = {isa = PBXFileReference; lastKnownFileType = sourcecode.swift; path = 032.swift; sourceTree = "<group>"; };
		F8F510F92B99E17A00377B1E /* 033.swift */ = {isa = PBXFileReference; lastKnownFileType = sourcecode.swift; path = 033.swift; sourceTree = "<group>"; };
		F8F510FA2B99E3FA00377B1E /* 034.swift */ = {isa = PBXFileReference; lastKnownFileType = sourcecode.swift; path = 034.swift; sourceTree = "<group>"; };
		F8F510FC2B99E9BC00377B1E /* 035.swift */ = {isa = PBXFileReference; lastKnownFileType = sourcecode.swift; path = 035.swift; sourceTree = "<group>"; };
		F8F5BEAA2BC2B3FF009EF210 /* 001.swift */ = {isa = PBXFileReference; lastKnownFileType = sourcecode.swift; path = 001.swift; sourceTree = "<group>"; };
		F8F5BEAE2BC437FB009EF210 /* 1912.swift */ = {isa = PBXFileReference; lastKnownFileType = sourcecode.swift; path = 1912.swift; sourceTree = "<group>"; };
		F8F5BEB12BC440C4009EF210 /* 1149.swift */ = {isa = PBXFileReference; lastKnownFileType = sourcecode.swift; path = 1149.swift; sourceTree = "<group>"; };
		F8F5BEB32BC44810009EF210 /* 1932.swift */ = {isa = PBXFileReference; lastKnownFileType = sourcecode.swift; path = 1932.swift; sourceTree = "<group>"; };
		F8F5BEB52BC44A63009EF210 /* 1463.swift */ = {isa = PBXFileReference; lastKnownFileType = sourcecode.swift; path = 1463.swift; sourceTree = "<group>"; };
		F8F5BEB72BC44F01009EF210 /* 10844.swift */ = {isa = PBXFileReference; lastKnownFileType = sourcecode.swift; path = 10844.swift; sourceTree = "<group>"; };
		F8F5BEB92BC4554D009EF210 /* 2156.swift */ = {isa = PBXFileReference; lastKnownFileType = sourcecode.swift; path = 2156.swift; sourceTree = "<group>"; };
		F8F5BEBC2BC46C97009EF210 /* 11053.swift */ = {isa = PBXFileReference; lastKnownFileType = sourcecode.swift; path = 11053.swift; sourceTree = "<group>"; };
		F8F5BEBE2BC46F6A009EF210 /* 11054.swift */ = {isa = PBXFileReference; lastKnownFileType = sourcecode.swift; path = 11054.swift; sourceTree = "<group>"; };
		F8F6BFDB2B5D493A00AC5909 /* 3273.swift */ = {isa = PBXFileReference; lastKnownFileType = sourcecode.swift; path = 3273.swift; sourceTree = "<group>"; };
		F8F6BFDD2B5D4BCC00AC5909 /* 10816.swift */ = {isa = PBXFileReference; lastKnownFileType = sourcecode.swift; path = 10816.swift; sourceTree = "<group>"; };
		F8F6BFDF2B5D5B2100AC5909 /* 1654.swift */ = {isa = PBXFileReference; lastKnownFileType = sourcecode.swift; path = 1654.swift; sourceTree = "<group>"; };
		F8F6BFE12B5D680500AC5909 /* 5567.swift */ = {isa = PBXFileReference; lastKnownFileType = sourcecode.swift; path = 5567.swift; sourceTree = "<group>"; };
		F8F6BFE32B5D6CB700AC5909 /* 15663.swift */ = {isa = PBXFileReference; lastKnownFileType = sourcecode.swift; path = 15663.swift; sourceTree = "<group>"; };
		F8F6BFE52B5D760B00AC5909 /* 1240.swift */ = {isa = PBXFileReference; lastKnownFileType = sourcecode.swift; path = 1240.swift; sourceTree = "<group>"; };
		F8F741E22BA7646E00560840 /* 021.swift */ = {isa = PBXFileReference; lastKnownFileType = sourcecode.swift; path = 021.swift; sourceTree = "<group>"; };
		F8F741E42BA7696600560840 /* 049.swift */ = {isa = PBXFileReference; lastKnownFileType = sourcecode.swift; path = 049.swift; sourceTree = "<group>"; };
		F8F741E62BA76ADD00560840 /* 022.swift */ = {isa = PBXFileReference; lastKnownFileType = sourcecode.swift; path = 022.swift; sourceTree = "<group>"; };
		F8F741E82BA76EC500560840 /* 023.swift */ = {isa = PBXFileReference; lastKnownFileType = sourcecode.swift; path = 023.swift; sourceTree = "<group>"; };
		F8F741EA2BA776A400560840 /* 024.swift */ = {isa = PBXFileReference; lastKnownFileType = sourcecode.swift; path = 024.swift; sourceTree = "<group>"; };
		F8F741EC2BA77D6400560840 /* 025.swift */ = {isa = PBXFileReference; lastKnownFileType = sourcecode.swift; path = 025.swift; sourceTree = "<group>"; };
		F8F7FF812BAC434A00BC49E8 /* 056_x.swift */ = {isa = PBXFileReference; lastKnownFileType = sourcecode.swift; path = 056_x.swift; sourceTree = "<group>"; };
		F8F7FF842BAC556A00BC49E8 /* 001.swift */ = {isa = PBXFileReference; lastKnownFileType = sourcecode.swift; path = 001.swift; sourceTree = "<group>"; };
		F8F7FF862BAC56F900BC49E8 /* 002.swift */ = {isa = PBXFileReference; lastKnownFileType = sourcecode.swift; path = 002.swift; sourceTree = "<group>"; };
		F8F7FF882BAC5AA800BC49E8 /* 032.swift */ = {isa = PBXFileReference; lastKnownFileType = sourcecode.swift; path = 032.swift; sourceTree = "<group>"; };
		F8F7FF8A2BACAF9000BC49E8 /* 033.swift */ = {isa = PBXFileReference; lastKnownFileType = sourcecode.swift; path = 033.swift; sourceTree = "<group>"; };
		F8F7FF8C2BACB98B00BC49E8 /* 057.swift */ = {isa = PBXFileReference; lastKnownFileType = sourcecode.swift; path = 057.swift; sourceTree = "<group>"; };
		F8F7FF8E2BACBF1200BC49E8 /* 034.swift */ = {isa = PBXFileReference; lastKnownFileType = sourcecode.swift; path = 034.swift; sourceTree = "<group>"; };
		F8F7FF902BACC58900BC49E8 /* 035.swift */ = {isa = PBXFileReference; lastKnownFileType = sourcecode.swift; path = 035.swift; sourceTree = "<group>"; };
		F8F7FF922BACF37000BC49E8 /* 058.swift */ = {isa = PBXFileReference; lastKnownFileType = sourcecode.swift; path = 058.swift; sourceTree = "<group>"; };
		F8F7FF942BACFFFA00BC49E8 /* 036_x.swift */ = {isa = PBXFileReference; lastKnownFileType = sourcecode.swift; path = 036_x.swift; sourceTree = "<group>"; };
		F8F8803F2B9C4B4100AE009C /* 010.swift */ = {isa = PBXFileReference; lastKnownFileType = sourcecode.swift; path = 010.swift; sourceTree = "<group>"; };
		F8F880412B9C538800AE009C /* 038.swift */ = {isa = PBXFileReference; lastKnownFileType = sourcecode.swift; path = 038.swift; sourceTree = "<group>"; };
		F8F880432B9C579000AE009C /* 039.swift */ = {isa = PBXFileReference; lastKnownFileType = sourcecode.swift; path = 039.swift; sourceTree = "<group>"; };
		F8F880452B9C599A00AE009C /* 040.swift */ = {isa = PBXFileReference; lastKnownFileType = sourcecode.swift; path = 040.swift; sourceTree = "<group>"; };
		F8F880472B9C81B700AE009C /* 041.swift */ = {isa = PBXFileReference; lastKnownFileType = sourcecode.swift; path = 041.swift; sourceTree = "<group>"; };
		F8F880492B9C851B00AE009C /* 042.swift */ = {isa = PBXFileReference; lastKnownFileType = sourcecode.swift; path = 042.swift; sourceTree = "<group>"; };
		F8F8804B2B9C867C00AE009C /* 043.swift */ = {isa = PBXFileReference; lastKnownFileType = sourcecode.swift; path = 043.swift; sourceTree = "<group>"; };
		F8F8804C2B9DF62F00AE009C /* 044.swift */ = {isa = PBXFileReference; lastKnownFileType = sourcecode.swift; path = 044.swift; sourceTree = "<group>"; };
		F8F8804D2B9DF91200AE009C /* 011.swift */ = {isa = PBXFileReference; lastKnownFileType = sourcecode.swift; path = 011.swift; sourceTree = "<group>"; };
		F8F8804F2B9DFA5D00AE009C /* 012.swift */ = {isa = PBXFileReference; lastKnownFileType = sourcecode.swift; path = 012.swift; sourceTree = "<group>"; };
		F8F880512B9E187900AE009C /* 045.swift */ = {isa = PBXFileReference; lastKnownFileType = sourcecode.swift; path = 045.swift; sourceTree = "<group>"; };
		F8F880532B9E191D00AE009C /* 013.swift */ = {isa = PBXFileReference; lastKnownFileType = sourcecode.swift; path = 013.swift; sourceTree = "<group>"; };
		F8F880552B9E1E2A00AE009C /* 014.swift */ = {isa = PBXFileReference; lastKnownFileType = sourcecode.swift; path = 014.swift; sourceTree = "<group>"; };
		F8F880572B9E209E00AE009C /* 046.swift */ = {isa = PBXFileReference; lastKnownFileType = sourcecode.swift; path = 046.swift; sourceTree = "<group>"; };
		F8F880582B9E279C00AE009C /* 047.swift */ = {isa = PBXFileReference; lastKnownFileType = sourcecode.swift; path = 047.swift; sourceTree = "<group>"; };
		F8F880592B9E2A2900AE009C /* 015.swift */ = {isa = PBXFileReference; lastKnownFileType = sourcecode.swift; path = 015.swift; sourceTree = "<group>"; };
		F8F8805C2B9E2F1100AE009C /* 016.swift */ = {isa = PBXFileReference; lastKnownFileType = sourcecode.swift; path = 016.swift; sourceTree = "<group>"; };
		F8F985332BAAC1AB00217F02 /* 053.swift */ = {isa = PBXFileReference; lastKnownFileType = sourcecode.swift; path = 053.swift; sourceTree = "<group>"; };
		F8F985352BAAC6C200217F02 /* 054.swift */ = {isa = PBXFileReference; lastKnownFileType = sourcecode.swift; path = 054.swift; sourceTree = "<group>"; };
		F8F985372BAAC96800217F02 /* 029.swift */ = {isa = PBXFileReference; lastKnownFileType = sourcecode.swift; path = 029.swift; sourceTree = "<group>"; };
		F8FA25802B5518CF0085B1DB /* 11725.swift */ = {isa = PBXFileReference; lastKnownFileType = sourcecode.swift; path = 11725.swift; sourceTree = "<group>"; };
		F8FA25822B553D4C0085B1DB /* 1068.swift */ = {isa = PBXFileReference; lastKnownFileType = sourcecode.swift; path = 1068.swift; sourceTree = "<group>"; };
		F8FA25852B554DA10085B1DB /* 2252.swift */ = {isa = PBXFileReference; lastKnownFileType = sourcecode.swift; path = 2252.swift; sourceTree = "<group>"; };
		F8FA25872B5594920085B1DB /* 1005.swift */ = {isa = PBXFileReference; lastKnownFileType = sourcecode.swift; path = 1005.swift; sourceTree = "<group>"; };
		F8FA25892B55A4600085B1DB /* FileIO.swift */ = {isa = PBXFileReference; lastKnownFileType = sourcecode.swift; path = FileIO.swift; sourceTree = "<group>"; };
		F8FA258B2B55A4D40085B1DB /* 1005_2.swift */ = {isa = PBXFileReference; lastKnownFileType = sourcecode.swift; path = 1005_2.swift; sourceTree = "<group>"; };
		F8FD81AA2BB2E30A00DA66C2 /* 003.swift */ = {isa = PBXFileReference; lastKnownFileType = sourcecode.swift; path = 003.swift; sourceTree = "<group>"; };
		F8FE28972BA4321300F2A67E /* 019.swift */ = {isa = PBXFileReference; lastKnownFileType = sourcecode.swift; path = 019.swift; sourceTree = "<group>"; };
		F8FE28992BA45B8000F2A67E /* 020.swift */ = {isa = PBXFileReference; lastKnownFileType = sourcecode.swift; path = 020.swift; sourceTree = "<group>"; };
		F8FFF2952C041E660015DAE6 /* 1010.swift */ = {isa = PBXFileReference; lastKnownFileType = sourcecode.swift; path = 1010.swift; sourceTree = "<group>"; };
		F8FFF29A2C0429750015DAE6 /* 25192.swift */ = {isa = PBXFileReference; lastKnownFileType = sourcecode.swift; path = 25192.swift; sourceTree = "<group>"; };
		F8FFF29C2C042B260015DAE6 /* 26069.swift */ = {isa = PBXFileReference; lastKnownFileType = sourcecode.swift; path = 26069.swift; sourceTree = "<group>"; };
		F8FFF29E2C042F920015DAE6 /* 14889.swift */ = {isa = PBXFileReference; lastKnownFileType = sourcecode.swift; path = 14889.swift; sourceTree = "<group>"; };
		F8FFF2AA2C056EA00015DAE6 /* 2565.swift */ = {isa = PBXFileReference; lastKnownFileType = sourcecode.swift; path = 2565.swift; sourceTree = "<group>"; };
		F8FFF2AC2C05792A0015DAE6 /* 13305.swift */ = {isa = PBXFileReference; lastKnownFileType = sourcecode.swift; path = 13305.swift; sourceTree = "<group>"; };
		F8FFF2AF2C08A03B0015DAE6 /* 2110.swift */ = {isa = PBXFileReference; lastKnownFileType = sourcecode.swift; path = 2110.swift; sourceTree = "<group>"; };
		F8FFF2B12C08AAD80015DAE6 /* 1644.swift */ = {isa = PBXFileReference; lastKnownFileType = sourcecode.swift; path = 1644.swift; sourceTree = "<group>"; };
/* End PBXFileReference section */

/* Begin PBXFrameworksBuildPhase section */
		F86D1DEB2B4E889300E6FB7F /* Frameworks */ = {
			isa = PBXFrameworksBuildPhase;
			buildActionMask = 2147483647;
			files = (
			);
			runOnlyForDeploymentPostprocessing = 0;
		};
/* End PBXFrameworksBuildPhase section */

/* Begin PBXGroup section */
		F806E2CA2C2ABC9D0034F893 /* Array */ = {
			isa = PBXGroup;
			children = (
				F806E2CB2C2ABCA80034F893 /* 2563.swift */,
			);
			path = Array;
			sourceTree = "<group>";
		};
		F806E2CD2C2ABED80034F893 /* Math */ = {
			isa = PBXGroup;
			children = (
			);
			path = Math;
			sourceTree = "<group>";
		};
		F806E2CE2C2AC03D0034F893 /* preperation */ = {
			isa = PBXGroup;
			children = (
				F806E2CF2C2AC07D0034F893 /* 9655.swift */,
				F806E2D12C2AC4D70034F893 /* 10431.swift */,
				F806E2D32C2C403E0034F893 /* 8979.swift */,
				F806E2D52C3184240034F893 /* 7568.swift */,
				F806E2D72C318AC10034F893 /* 4659.swift */,
				F806E2D92C3271870034F893 /* 2757.swift */,
				F806E2DB2C33FF720034F893 /* 20125.swift */,
				F806E2DD2C340DCB0034F893 /* 1205.swift */,
				F806E2DF2C34AB3F0034F893 /* 1244.swift */,
				F806E2E12C34B4EA0034F893 /* 9017.swift */,
				F806E2E32C3690F50034F893 /* 2164.swift */,
				F824ADEF2C3AA699004B2B76 /* 20920.swift */,
				F824ADF12C3AA91F004B2B76 /* 21921.swift */,
				F824ADF32C3AB022004B2B76 /* 1515.swift */,
				F824ADF52C3D62AB004B2B76 /* 19941.swift */,
				F824ADF72C3FB324004B2B76 /* 17484.swift */,
				F824ADF92C3FBBBD004B2B76 /* 2607.swift */,
				F824ADFB2C3FC405004B2B76 /* 3758.swift */,
				F824ADFD2C4191EE004B2B76 /* 20310_.swift */,
				F824ADFF2C419447004B2B76 /* 19637.swift */,
				F824AE012C4251EA004B2B76 /* 22233_.swift */,
				F824AE032C425B15004B2B76 /* 20006.swift */,
				F824AE052C426E38004B2B76 /* 11501.swift */,
			);
			path = preperation;
			sourceTree = "<group>";
		};
		F80AB6CA2BB59D2C001111BC /* StackQueueDeck */ = {
			isa = PBXGroup;
			children = (
				F80AB6CB2BB59D44001111BC /* 28278.swift */,
				F80AB6CE2BB59FDF001111BC /* 10773.swift */,
				F80AB6D02BB5A0B6001111BC /* 9012.swift */,
				F8EEB40C2BB5A1EE00EEF43D /* 4949.swift */,
				F8EEB40E2BB5A41A00EEF43D /* 12789.swift */,
			);
			path = StackQueueDeck;
			sourceTree = "<group>";
		};
		F83651042B7B6681001F9057 /* Baekjoon */ = {
			isa = PBXGroup;
			children = (
				F806E2CE2C2AC03D0034F893 /* preperation */,
				F8D9E4F22B5FEF8500196C66 /* String */,
				F8E8D2F52BB5339D00C27031 /* Deepening 1 */,
				F806E2CA2C2ABC9D0034F893 /* Array */,
				F806E2CD2C2ABED80034F893 /* Math */,
				F86D1DF82B4E88DF00E6FB7F /* BruteForce */,
				F86D1E072B4EBEAE00E6FB7F /* Sort */,
				F8E9EBDE2BB4490A0032961C /* SetMap */,
				F8C53A292B73DC7200B167FE /* Math 2 */,
				F80AB6CA2BB59D2C001111BC /* StackQueueDeck */,
				F8FFF2942C041E440015DAE6 /* Combinatorics */,
				F8FFF2992C04280A0015DAE6 /* Deepening 2 */,
				F8E8D2EE2BB51B3400C27031 /* Recursion */,
				F8D395682B5787FF0000F8AD /* DynamicProgramming 1 */,
				F85BCD652BBDB29700418BD2 /* PrefixSum */,
				F8C7823F2BBACDD5003A6738 /* Greedy */,
				F86D1E102B4FB44600E6FB7F /* BinarySerach */,
				F86D1E1E2B50415B00E6FB7F /* Graph */,
				F8CE4C422B56350700702D75 /* ShortestPath */,
				F86D1E172B50041200E6FB7F /* TwoPointer */,
				F8FA257F2B5518B40085B1DB /* Tree */,
				F8FA25842B554D920085B1DB /* TopologicalSorting */,
			);
			path = Baekjoon;
			sourceTree = "<group>";
		};
		F83651052B7B66B7001F9057 /* HackerRank */ = {
			isa = PBXGroup;
			children = (
				F836510C2B7B771D001F9057 /* 1MonthKit */,
				F83651062B7B6C2E001F9057 /* test */,
			);
			path = HackerRank;
			sourceTree = "<group>";
		};
		F83651062B7B6C2E001F9057 /* test */ = {
			isa = PBXGroup;
			children = (
				F83651072B7B6C3A001F9057 /* BitwiseAnd.swift */,
				F83651092B7B70E1001F9057 /* EqualizingArrayElements.swift */,
			);
			path = test;
			sourceTree = "<group>";
		};
		F836510B2B7B7712001F9057 /* week1 */ = {
			isa = PBXGroup;
			children = (
				F8AA078D2B7BDC40009F3198 /* plusMinus.swift */,
				F8AA078F2B7BDD93009F3198 /* miniMaxSum.swift */,
				F8AA07912B7BDECD009F3198 /* timeConversion.swift */,
				F8AA07932B7BDFDA009F3198 /* sparseArrays.swift */,
				F8AA07952B7BE14C009F3198 /* lonelyInteger.swift */,
				F8AA07972B7BE2AF009F3198 /* flippingBits.swift */,
				F8AA07992B7BE4E1009F3198 /* diagonalDifference.swift */,
				F8AA079B2B7BE622009F3198 /* countingSort1.swift */,
				F8AA079D2B7BE842009F3198 /* pangrams.swift */,
				F8AA079F2B7BEA58009F3198 /* permutingTwoArrays.swift */,
				F8AA07A12B7BEFDD009F3198 /* subarrayDivision.swift */,
				F8AA07A32B7BF071009F3198 /* xorStrings2.swift */,
			);
			path = week1;
			sourceTree = "<group>";
		};
		F836510C2B7B771D001F9057 /* 1MonthKit */ = {
			isa = PBXGroup;
			children = (
				F88C30332B83539800C0F4A4 /* week4 */,
				F88C30302B83516100C0F4A4 /* week3 */,
				F8F394EB2B7C449C00DA4325 /* week2 */,
				F836510B2B7B7712001F9057 /* week1 */,
			);
			path = 1MonthKit;
			sourceTree = "<group>";
		};
		F85BCD652BBDB29700418BD2 /* PrefixSum */ = {
			isa = PBXGroup;
			children = (
				F85BCD682BBDB2B200418BD2 /* 11659.swift */,
				F85BCD6A2BBDB53800418BD2 /* 2559.swift */,
				F85BCD6C2BBDBBBD00418BD2 /* 10986.swift */,
				F85BCD762BBF182900418BD2 /* 11660.swift */,
			);
			path = PrefixSum;
			sourceTree = "<group>";
		};
		F86D1DE52B4E889300E6FB7F = {
			isa = PBXGroup;
			children = (
				F86D1DF02B4E889300E6FB7F /* ProblemSolving */,
				F86D1DEF2B4E889300E6FB7F /* Products */,
			);
			sourceTree = "<group>";
		};
		F86D1DEF2B4E889300E6FB7F /* Products */ = {
			isa = PBXGroup;
			children = (
				F86D1DEE2B4E889300E6FB7F /* ProblemSolving */,
			);
			name = Products;
			sourceTree = "<group>";
		};
		F86D1DF02B4E889300E6FB7F /* ProblemSolving */ = {
			isa = PBXGroup;
			children = (
				F88C30372B85874C00C0F4A4 /* Programmers */,
				F83651042B7B6681001F9057 /* Baekjoon */,
				F8F510C42B9981E500377B1E /* Coderbyte */,
				F83651052B7B66B7001F9057 /* HackerRank */,
				F8FA25892B55A4600085B1DB /* FileIO.swift */,
				F86D1E022B4EADB400E6FB7F /* ProblemSolving-Bridging-Header.h */,
				F8ED66612B74A97700EA85A2 /* Test */,
			);
			path = ProblemSolving;
			sourceTree = "<group>";
		};
		F86D1DF82B4E88DF00E6FB7F /* BruteForce */ = {
			isa = PBXGroup;
			children = (
				F86D1DF92B4E896000E6FB7F /* 15651.swift */,
				F86D1DFB2B4EAACF00E6FB7F /* 15649.swift */,
				F86D1DFE2B4EAC8400E6FB7F /* 15652.swift */,
				F86D1E032B4EAF1D00E6FB7F /* 15650.swift */,
				F86D1E052B4EB20700E6FB7F /* 14888.swift */,
				F8CD742E2B58EE5200194DD3 /* 9663.swift */,
				F8CD74302B58EEDB00194DD3 /* 1182.swift */,
				F8F6BFE32B5D6CB700AC5909 /* 15663.swift */,
				F8D818E02B6232CE0004B370 /* 1759.swift */,
				F8BB45D82B6F9532004BD5B4 /* 17127.swift */,
				F8BB45DA2B6F9B67004BD5B4 /* 4690.swift */,
				F8BB45DC2B6FA0AC004BD5B4 /* 9094.swift */,
				F8BB45DE2B6FB71E004BD5B4 /* 1813.swift */,
				F8BB45E02B6FBE6D004BD5B4 /* 2231.swift */,
				F8BB45E22B6FC14E004BD5B4 /* 2309.swift */,
				F8BB45E42B6FC5D3004BD5B4 /* 2386.swift */,
				F8C539F62B72483100B167FE /* 10448.swift */,
				F8C539F82B724FC800B167FE /* 2851.swift */,
				F8C539FA2B72555900B167FE /* 4641.swift */,
				F8C539FC2B72569C00B167FE /* 18512.swift */,
				F80B3F012B7EAA490046E317 /* 18868.swift */,
				F80B3F032B7EB4960046E317 /* 1018.swift */,
				F8E9EBC72BB424AE0032961C /* 2798.swift */,
				F8E9EBC92BB429650032961C /* 19532.swift */,
				F8E9EBDA2BB440830032961C /* 1436.swift */,
				F8E9EBDC2BB444520032961C /* 2839.swift */,
				F8FFF29E2C042F920015DAE6 /* 14889.swift */,
			);
			path = BruteForce;
			sourceTree = "<group>";
		};
		F86D1E072B4EBEAE00E6FB7F /* Sort */ = {
			isa = PBXGroup;
			children = (
				F86D1E082B4EBEB900E6FB7F /* 10852.swift */,
				F86D1E0A2B4EC33A00E6FB7F /* 1015.swift */,
				F86D1E0C2B4FA59200E6FB7F /* 11652.swift */,
				F86D1E0E2B4FAE1100E6FB7F /* 15970.swift */,
				F8CD74322B58FC4C00194DD3 /* 1181.swift */,
				F8D9E4E12B5EC89100196C66 /* 20291.swift */,
				F8E9EBCB2BB42B700032961C /* 2750.swift */,
				F8E9EBCD2BB42C2B0032961C /* 1427.swift */,
				F8E9EBCF2BB42CFF0032961C /* 11650.swift */,
				F8E9EBD22BB42EED0032961C /* 11651.swift */,
				F8E9EBD42BB42F7F0032961C /* 10814.swift */,
				F8E9EBD62BB432440032961C /* 18870.swift */,
			);
			path = Sort;
			sourceTree = "<group>";
		};
		F86D1E102B4FB44600E6FB7F /* BinarySerach */ = {
			isa = PBXGroup;
			children = (
				F86D1E112B4FB45700E6FB7F /* 7795.swift */,
				F86D1E132B4FBCB800E6FB7F /* 2470.swift */,
				F86D1E152B4FF50300E6FB7F /* 2805.swift */,
				F8CD74342B58FE8500194DD3 /* 1920.swift */,
				F8CD74362B59185200194DD3 /* 1764.swift */,
				F8F6BFDB2B5D493A00AC5909 /* 3273.swift */,
				F8F6BFDD2B5D4BCC00AC5909 /* 10816.swift */,
				F8F6BFDF2B5D5B2100AC5909 /* 1654.swift */,
				F8D919822B5E49C100D8867A /* 2512.swift */,
				F8D9E4E32B5ECB4900196C66 /* 2343.swift */,
				F8D9E4E62B5FA86D00196C66 /* 13702.swift */,
				F8BB45D02B6CA77A004BD5B4 /* 17266.swift */,
				F8BB45D22B6CAF31004BD5B4 /* 6136.swift */,
				F8FFF2AF2C08A03B0015DAE6 /* 2110.swift */,
				F806E2BC2C246AEA0034F893 /* 1300.swift */,
			);
			path = BinarySerach;
			sourceTree = "<group>";
		};
		F86D1E172B50041200E6FB7F /* TwoPointer */ = {
			isa = PBXGroup;
			children = (
				F86D1E182B50041F00E6FB7F /* 1806.swift */,
				F86D1E1A2B503B5500E6FB7F /* 13115.swift */,
				F86D1E1C2B503D8400E6FB7F /* 1253.swift */,
				F8CC57802B60F79600366EFB /* 16472.swift */,
				F8D818E22B623AA60004B370 /* 2003.swift */,
				F8D818E42B6242B10004B370 /* 11728.swift */,
				F8BB45D62B6F8BBA004BD5B4 /* 15565.swift */,
				F8FFF2B12C08AAD80015DAE6 /* 1644.swift */,
			);
			path = TwoPointer;
			sourceTree = "<group>";
		};
		F86D1E1E2B50415B00E6FB7F /* Graph */ = {
			isa = PBXGroup;
			children = (
				F86D1E1F2B50416900E6FB7F /* 1260.swift */,
				F8D09CAE2B526E07005146CC /* 2667.swift */,
				F8D09CB02B5277FF005146CC /* 2251.swift */,
				F8D09CB22B527BE0005146CC /* 14502.swift */,
				F8D09CB52B528127005146CC /* 2178.swift */,
				F8DA328A2B542E350044278F /* 1697.swift */,
				F8DA328C2B54342F0044278F /* 3055.swift */,
				F8DEF00D2B5A4E7B00E15C71 /* 11724.swift */,
				F8DEF00F2B5A52CC00E15C71 /* 2606.swift */,
				F8DEF0112B5A563A00E15C71 /* 2644.swift */,
				F8F6BFE12B5D680500AC5909 /* 5567.swift */,
				F8D9E4EA2B5FCDAA00196C66 /* 3184.swift */,
				F8D9E4EC2B5FD3A400196C66 /* 11403.swift */,
				F8DA12532B636A1E00278AAA /* 1389.swift */,
				F8BB45D42B6F8418004BD5B4 /* 18404.swift */,
				F8EEB4102BB5BB3200EEF43D /* 24479.swift */,
				F8EEB4122BB5C09E00EEF43D /* 24480.swift */,
				F8EEB4142BB5C15C00EEF43D /* 2444.swift */,
				F8E86C912BBA5A02004D9CB1 /* 24445.swift */,
				F8EEB4162BB5C4AC00EEF43D /* 7562.swift */,
				F806E2BE2C285D390034F893 /* 1012.swift */,
				F806E2C02C28643F0034F893 /* 7576.swift */,
				F806E2C22C29AA400034F893 /* 7576_ti.swift */,
			);
			path = Graph;
			sourceTree = "<group>";
		};
		F88C30302B83516100C0F4A4 /* week3 */ = {
			isa = PBXGroup;
			children = (
				F88C30342B8358A400C0F4A4 /* newYearChaos.swift */,
			);
			path = week3;
			sourceTree = "<group>";
		};
		F88C30332B83539800C0F4A4 /* week4 */ = {
			isa = PBXGroup;
			children = (
				F88C30312B8351B200C0F4A4 /* equalStack.swift */,
				F88C30362B84BCA000C0F4A4 /* reverseALinkedList.swift */,
			);
			path = week4;
			sourceTree = "<group>";
		};
		F88C30372B85874C00C0F4A4 /* Programmers */ = {
			isa = PBXGroup;
			children = (
				F8F5BEA92BC2B3DD009EF210 /* level4 */,
				F8F7FF832BAC547F00BC49E8 /* level3 */,
				F8F510DC2B99964900377B1E /* level2 */,
				F88C30382B85875700C0F4A4 /* level1 */,
			);
			path = Programmers;
			sourceTree = "<group>";
		};
		F88C30382B85875700C0F4A4 /* level1 */ = {
			isa = PBXGroup;
			children = (
				F88C30392B85877900C0F4A4 /* 001.swift */,
				F88C303A2B85889D00C0F4A4 /* 002.swift */,
				F88C303C2B85892800C0F4A4 /* 003.swift */,
				F88C303E2B8589C800C0F4A4 /* 004.swift */,
				F88C30402B858B7800C0F4A4 /* 005.swift */,
				F88C30422B858BEB00C0F4A4 /* 006.swift */,
				F88C30442B858C2F00C0F4A4 /* 007.swift */,
				F88C30462B858CBE00C0F4A4 /* 008.swift */,
				F88C30472B8593AF00C0F4A4 /* 009.swift */,
				F88C30482B8594CD00C0F4A4 /* 010.swift */,
				F88C30492B85958800C0F4A4 /* 011.swift */,
				F8F510C52B9982EF00377B1E /* 012.swift */,
				F8F510C72B9984BF00377B1E /* 013.swift */,
				F8F510C92B99859800377B1E /* 014.swift */,
				F8F510CB2B9986D100377B1E /* 015.swift */,
				F8F510CC2B9986F600377B1E /* 016.swift */,
				F8F510CE2B998A5700377B1E /* 017.swift */,
				F8F510D02B998B7500377B1E /* 018.swift */,
				F8F510D12B998BA100377B1E /* 019.swift */,
				F8F510D32B9990B700377B1E /* 020.swift */,
				F8F510D52B9991D300377B1E /* 021.swift */,
				F8F510D72B99931200377B1E /* 022.swift */,
				F8F510D82B99938900377B1E /* 023.swift */,
				F8F510DA2B9993AF00377B1E /* 024.swift */,
				F8F510DD2B99965500377B1E /* 025.swift */,
				F8F510DF2B9996B800377B1E /* 026.swift */,
				F8F510E12B9998DF00377B1E /* 027.swift */,
				F8F510E42B999A2000377B1E /* 028.swift */,
				F8F510E72B999BE300377B1E /* 029.swift */,
				F8F510EF2B99A66300377B1E /* 030.swift */,
				F8F510F52B99D95000377B1E /* 031.swift */,
				F8F510F72B99DD7000377B1E /* 032.swift */,
				F8F510F92B99E17A00377B1E /* 033.swift */,
				F8F510FA2B99E3FA00377B1E /* 034.swift */,
				F8F510FC2B99E9BC00377B1E /* 035.swift */,
				F89EB4EB2B9AD536005DC1BD /* 036.swift */,
				F89EB4F02B9AE086005DC1BD /* 037.swift */,
				F8F880412B9C538800AE009C /* 038.swift */,
				F8F880432B9C579000AE009C /* 039.swift */,
				F8F880452B9C599A00AE009C /* 040.swift */,
				F8F880472B9C81B700AE009C /* 041.swift */,
				F8F880492B9C851B00AE009C /* 042.swift */,
				F8F8804B2B9C867C00AE009C /* 043.swift */,
				F8F8804C2B9DF62F00AE009C /* 044.swift */,
				F8F880512B9E187900AE009C /* 045.swift */,
				F8F880572B9E209E00AE009C /* 046.swift */,
				F8F880582B9E279C00AE009C /* 047.swift */,
				F80E79F02B9ECD0500843717 /* 048.swift */,
				F8F741E42BA7696600560840 /* 049.swift */,
				F8F360662BA81C4D00EB1885 /* 050.swift */,
				F8F360682BA820AA00EB1885 /* 051.swift */,
				F8F3609A2BA9C99800EB1885 /* 052.swift */,
				F8F985332BAAC1AB00217F02 /* 053.swift */,
				F8F985352BAAC6C200217F02 /* 054.swift */,
				F834A7C22BAB4A6700A87F3C /* 055.swift */,
				F8F7FF812BAC434A00BC49E8 /* 056_x.swift */,
				F8F7FF8C2BACB98B00BC49E8 /* 057.swift */,
				F8F7FF922BACF37000BC49E8 /* 058.swift */,
			);
			path = level1;
			sourceTree = "<group>";
		};
		F8C53A292B73DC7200B167FE /* Math 2 */ = {
			isa = PBXGroup;
			children = (
				F8E8D2EF2BB51B8D00C27031 /* 13241.swift */,
				F8E8D2F12BB51D3D00C27031 /* 1735.swift */,
				F8E8D2F32BB521BC00C27031 /* 2458.swift */,
			);
			path = "Math 2";
			sourceTree = "<group>";
		};
		F8C7823F2BBACDD5003A6738 /* Greedy */ = {
			isa = PBXGroup;
			children = (
				F8C782402BBACDF4003A6738 /* 11047.swift */,
				F8C782422BBAD0AA003A6738 /* 1931.swift */,
				F85BCD612BBDACE400418BD2 /* 11399.swift */,
				F85BCD632BBDAE2600418BD2 /* 1541.swift */,
				F8FFF2AC2C05792A0015DAE6 /* 13305.swift */,
			);
			path = Greedy;
			sourceTree = "<group>";
		};
		F8CE4C422B56350700702D75 /* ShortestPath */ = {
			isa = PBXGroup;
			children = (
				F8CE4C432B56351900702D75 /* 1916.swift */,
				F8CE4C452B5648E300702D75 /* 1753.swift */,
				F8E86C922BBA5A48004D9CB1 /* 1504.swift */,
			);
			path = ShortestPath;
			sourceTree = "<group>";
		};
		F8D395682B5787FF0000F8AD /* DynamicProgramming 1 */ = {
			isa = PBXGroup;
			children = (
				F8D395692B57880F0000F8AD /* 9095.swift */,
				F8D3956B2B578EB40000F8AD /* 11726.swift */,
				F8D3956D2B5796970000F8AD /* 2579.swift */,
				F8D3956F2B57AA120000F8AD /* 11057.swift */,
				F8CD742C2B58EBB800194DD3 /* 11066.swift */,
				F8D9E4EE2B5FDC1C00196C66 /* 15681.swift */,
				F8D9E4F02B5FE30E00196C66 /* 15681_2.swift */,
				F8B6E4E22B6A6A6C00772BA2 /* 1003.swift */,
				F8B6E4E42B6A72AE00772BA2 /* 10870.swift */,
				F8B6E4E62B6A752100772BA2 /* 15988.swift */,
				F8B6E4E82B6A7E6600772BA2 /* 15991.swift */,
				F8B6E4EC2B6B552000772BA2 /* 11052.swift */,
				F8B6E4EE2B6B5D5A00772BA2 /* 15990.swift */,
				F8F1AE3A2BB6B00900AAAA4E /* 24416.swift */,
				F8F1AE3C2BB6B26700AAAA4E /* 9184.swift */,
				F8F1AE3E2BB6B74100AAAA4E /* 1904.swift */,
				F8F1AE402BB6BBEF00AAAA4E /* 9461.swift */,
				F8F5BEAE2BC437FB009EF210 /* 1912.swift */,
				F8F5BEB12BC440C4009EF210 /* 1149.swift */,
				F8F5BEB32BC44810009EF210 /* 1932.swift */,
				F8F5BEB52BC44A63009EF210 /* 1463.swift */,
				F8F5BEB72BC44F01009EF210 /* 10844.swift */,
				F8F5BEB92BC4554D009EF210 /* 2156.swift */,
				F8F5BEBC2BC46C97009EF210 /* 11053.swift */,
				F8F5BEBE2BC46F6A009EF210 /* 11054.swift */,
				F8FFF2AA2C056EA00015DAE6 /* 2565.swift */,
			);
			path = "DynamicProgramming 1";
			sourceTree = "<group>";
		};
		F8D9E4F22B5FEF8500196C66 /* String */ = {
			isa = PBXGroup;
			children = (
				F8D9E4F32B601AB700196C66 /* 26866.swift */,
				F8D9E4F52B601BAB00196C66 /* 2743.swift */,
				F8D9E4F72B601BE400196C66 /* 9086.swift */,
				F8D9E4F92B601C7200196C66 /* 11654.swift */,
				F8D9E4FB2B601CDE00196C66 /* 11720.swift */,
				F8D9E4FD2B601DB300196C66 /* 10809.swift */,
				F8D9E4FF2B601F6C00196C66 /* 2675.swift */,
				F8D9E5012B60204700196C66 /* 1152.swift */,
				F8D9E5032B6020CD00196C66 /* 2908.swift */,
				F8D9E5072B6021FE00196C66 /* 5622.swift */,
				F8D9E5092B60231700196C66 /* 11718.swift */,
				F8C539FE2B72831000B167FE /* 1373.swift */,
				F8C53A002B728E4300B167FE /* 1032.swift */,
				F8C53A022B735ABB00B167FE /* 1110.swift */,
				F8C53A042B7362A900B167FE /* 1157.swift */,
				F8C53A062B7367C200B167FE /* 1356.swift */,
				F8C53A082B736BD100B167FE /* 1357.swift */,
				F8C53A0A2B737DD900B167FE /* 6996.swift */,
				F8C53A0C2B737EF900B167FE /* 9093.swift */,
				F8C53A0E2B737FC300B167FE /* 8595.swift */,
				F8C53A102B7385BF00B167FE /* 9933.swift */,
				F8C53A122B738A2B00B167FE /* 10798.swift */,
				F8C53A142B738E7600B167FE /* 10679.swift */,
				F8C53A162B7393E000B167FE /* 1251.swift */,
				F8C53A182B739A5700B167FE /* 1652.swift */,
			);
			path = String;
			sourceTree = "<group>";
		};
		F8E8D2EE2BB51B3400C27031 /* Recursion */ = {
			isa = PBXGroup;
			children = (
			);
			path = Recursion;
			sourceTree = "<group>";
		};
		F8E8D2F52BB5339D00C27031 /* Deepening 1 */ = {
			isa = PBXGroup;
			children = (
				F8E8D2F62BB533C800C27031 /* 2941.swift */,
				F8E8D2F82BB5371B00C27031 /* 1316.swift */,
				F8E8D2FA2BB5394A00C27031 /* 25206.swift */,
			);
			path = "Deepening 1";
			sourceTree = "<group>";
		};
		F8E9EBDE2BB4490A0032961C /* SetMap */ = {
			isa = PBXGroup;
			children = (
				F8E9EBDF2BB4492F0032961C /* 100815.swift */,
				F8E8D2EC2BB5118500C27031 /* 11478.swift */,
				F8E8D2E62BB50C0600C27031 /* 14425.swift */,
				F8E8D2E82BB50D4500C27031 /* 7785.swift */,
				F8E8D2EA2BB5106D00C27031 /* 1269.swift */,
			);
			path = SetMap;
			sourceTree = "<group>";
		};
		F8ED66612B74A97700EA85A2 /* Test */ = {
			isa = PBXGroup;
			children = (
			);
			path = Test;
			sourceTree = "<group>";
		};
		F8F394EB2B7C449C00DA4325 /* week2 */ = {
			isa = PBXGroup;
			children = (
				F8F394EC2B7C44BB00DA4325 /* salesByMatch.swift */,
				F8F394ED2B7C46C800DA4325 /* zigZagSequence.swift */,
				F8F394EE2B7C492E00DA4325 /* drawingBook.swift */,
				F8F394EF2B7CB71200DA4325 /* towerBreakers.swift */,
				F8F394F02B7CBD2200DA4325 /* caesarCiper.swift */,
				F8F394F12B7D9CEB00DA4325 /* maxMin.swift */,
				F8F394F32B7E00F200DA4325 /* gridChallenge.swift */,
				F8F394F42B7E07A100DA4325 /* primeDates.swift */,
				F8F394F52B7E097400DA4325 /* sherlockAndArray.swift */,
				F8F394F62B7E125600DA4325 /* recursiveDigitSum.swift */,
				F8F394F82B7E166C00DA4325 /* counterGame.swift */,
			);
			path = week2;
			sourceTree = "<group>";
		};
		F8F510C42B9981E500377B1E /* Coderbyte */ = {
			isa = PBXGroup;
			children = (
				F8C53A1C2B73BE1100B167FE /* minWindowSubstring.swift */,
				F8C53A1F2B73C8E300B167FE /* theConstructor.swift */,
				F8C53A2A2B73DCE100B167FE /* firstFactorial.swift */,
				F8C53A212B73CEF800B167FE /* codelandUsernameValidation.swift */,
				F8C53A232B73D21E00B167FE /* findIntersection.swift */,
				F8C53A252B73D98F00B167FE /* questionMarks.swift.swift */,
				F8C53A272B73DBE300B167FE /* firstReverse.swift */,
				F8C53A2C2B73DFB300B167FE /* longestWord.swift */,
				F8C53A2E2B73E21800B167FE /* brackerMatcher.swift */,
			);
			path = Coderbyte;
			sourceTree = "<group>";
		};
		F8F510DC2B99964900377B1E /* level2 */ = {
			isa = PBXGroup;
			children = (
				F8F510E62B999B9C00377B1E /* 001.swift */,
				F8F510E92B999D2C00377B1E /* 002.swift */,
				F8F510EB2B999F3D00377B1E /* 003.swift */,
				F8F510ED2B99A36000377B1E /* 004.swift */,
				F8F510F12B99BF9100377B1E /* 005.swift */,
				F8F510F32B99D93A00377B1E /* 006.swift */,
				F89EB4E92B9AD1A7005DC1BD /* 007.swift */,
				F89EB4ED2B9ADC9E005DC1BD /* 008.swift */,
				F89EB4F22B9AE366005DC1BD /* 009.swift */,
				F8F8803F2B9C4B4100AE009C /* 010.swift */,
				F8F8804D2B9DF91200AE009C /* 011.swift */,
				F8F8804F2B9DFA5D00AE009C /* 012.swift */,
				F8F880532B9E191D00AE009C /* 013.swift */,
				F8F880552B9E1E2A00AE009C /* 014.swift */,
				F8F880592B9E2A2900AE009C /* 015.swift */,
				F8F8805C2B9E2F1100AE009C /* 016.swift */,
				F80E79ED2B9EC7B000843717 /* 017.swift */,
				F8D880A72BA08E83005D421F /* 018.swift */,
				F8FE28972BA4321300F2A67E /* 019.swift */,
				F8FE28992BA45B8000F2A67E /* 020.swift */,
				F8F741E22BA7646E00560840 /* 021.swift */,
				F8F741E62BA76ADD00560840 /* 022.swift */,
				F8F741E82BA76EC500560840 /* 023.swift */,
				F8F741EA2BA776A400560840 /* 024.swift */,
				F8F741EC2BA77D6400560840 /* 025.swift */,
				F8F360642BA815AF00EB1885 /* 026.swift */,
				F8F3609C2BA9D15000EB1885 /* 027.swift */,
				F8F3609E2BA9DBB800EB1885 /* 028.swift */,
				F8F985372BAAC96800217F02 /* 029.swift */,
				F834A7C42BAB538200A87F3C /* 030.swift */,
				F834A7C62BAB5DF900A87F3C /* 031.swift */,
				F8F7FF882BAC5AA800BC49E8 /* 032.swift */,
				F8F7FF8A2BACAF9000BC49E8 /* 033.swift */,
				F8F7FF8E2BACBF1200BC49E8 /* 034.swift */,
				F8F7FF902BACC58900BC49E8 /* 035.swift */,
				F8F7FF942BACFFFA00BC49E8 /* 036_x.swift */,
				F85BCD6E2BBEAA2F00418BD2 /* 037.swift */,
				F85BCD702BBEB5F700418BD2 /* 038.swift */,
				F85BCD722BBEBA6700418BD2 /* 039.swift */,
				F85BCD742BBF162B00418BD2 /* 040.swift */,
			);
			path = level2;
			sourceTree = "<group>";
		};
		F8F5BEA92BC2B3DD009EF210 /* level4 */ = {
			isa = PBXGroup;
			children = (
				F8F5BEAA2BC2B3FF009EF210 /* 001.swift */,
			);
			path = level4;
			sourceTree = "<group>";
		};
		F8F7FF832BAC547F00BC49E8 /* level3 */ = {
			isa = PBXGroup;
			children = (
				F8F7FF842BAC556A00BC49E8 /* 001.swift */,
				F8F7FF862BAC56F900BC49E8 /* 002.swift */,
				F8FD81AA2BB2E30A00DA66C2 /* 003.swift */,
			);
			path = level3;
			sourceTree = "<group>";
		};
		F8FA257F2B5518B40085B1DB /* Tree */ = {
			isa = PBXGroup;
			children = (
				F8FA25802B5518CF0085B1DB /* 11725.swift */,
				F8FA25822B553D4C0085B1DB /* 1068.swift */,
				F8DEF0132B5A5BFB00E15C71 /* 1991.swift */,
				F8C73C1A2B5BB2B700E00110 /* 5639.swift */,
				F8C73C1C2B5BBB7F00E00110 /* 15900.swift */,
				F8C73C1E2B5BC43D00E00110 /* 20364.swift */,
				F8F6BFE52B5D760B00AC5909 /* 1240.swift */,
				F8D9E4E82B5FAF4A00196C66 /* 4083.swift */,
				F8DA12552B636DF100278AAA /* 9489.swift */,
				F8DA12572B636E2100278AAA /* 14267.swift */,
			);
			path = Tree;
			sourceTree = "<group>";
		};
		F8FA25842B554D920085B1DB /* TopologicalSorting */ = {
			isa = PBXGroup;
			children = (
				F8FA25852B554DA10085B1DB /* 2252.swift */,
				F8FA25872B5594920085B1DB /* 1005.swift */,
				F8FA258B2B55A4D40085B1DB /* 1005_2.swift */,
				F8D9197D2B5E234F00D8867A /* 2623.swift */,
				F8D9197F2B5E27F100D8867A /* 2056.swift */,
				F8DA12592B63768F00278AAA /* 14676.swift */,
				F8B6E4DF2B68C9D600772BA2 /* 1516.swift */,
			);
			path = TopologicalSorting;
			sourceTree = "<group>";
		};
		F8FFF2942C041E440015DAE6 /* Combinatorics */ = {
			isa = PBXGroup;
			children = (
				F8FFF2952C041E660015DAE6 /* 1010.swift */,
			);
			path = Combinatorics;
			sourceTree = "<group>";
		};
		F8FFF2992C04280A0015DAE6 /* Deepening 2 */ = {
			isa = PBXGroup;
			children = (
				F8FFF29A2C0429750015DAE6 /* 25192.swift */,
				F8FFF29C2C042B260015DAE6 /* 26069.swift */,
			);
			path = "Deepening 2";
			sourceTree = "<group>";
		};
/* End PBXGroup section */

/* Begin PBXNativeTarget section */
		F86D1DED2B4E889300E6FB7F /* ProblemSolving */ = {
			isa = PBXNativeTarget;
			buildConfigurationList = F86D1DF52B4E889300E6FB7F /* Build configuration list for PBXNativeTarget "ProblemSolving" */;
			buildPhases = (
				F86D1DEA2B4E889300E6FB7F /* Sources */,
				F86D1DEB2B4E889300E6FB7F /* Frameworks */,
				F86D1DEC2B4E889300E6FB7F /* CopyFiles */,
			);
			buildRules = (
			);
			dependencies = (
			);
			name = ProblemSolving;
			productName = ProblemSolving;
			productReference = F86D1DEE2B4E889300E6FB7F /* ProblemSolving */;
			productType = "com.apple.product-type.tool";
		};
/* End PBXNativeTarget section */

/* Begin PBXProject section */
		F86D1DE62B4E889300E6FB7F /* Project object */ = {
			isa = PBXProject;
			attributes = {
				BuildIndependentTargetsInParallel = 1;
				LastSwiftUpdateCheck = 1420;
				LastUpgradeCheck = 1420;
				TargetAttributes = {
					F86D1DED2B4E889300E6FB7F = {
						CreatedOnToolsVersion = 14.2;
						LastSwiftMigration = 1420;
					};
				};
			};
			buildConfigurationList = F86D1DE92B4E889300E6FB7F /* Build configuration list for PBXProject "ProblemSolving" */;
			compatibilityVersion = "Xcode 14.0";
			developmentRegion = en;
			hasScannedForEncodings = 0;
			knownRegions = (
				en,
				Base,
			);
			mainGroup = F86D1DE52B4E889300E6FB7F;
			productRefGroup = F86D1DEF2B4E889300E6FB7F /* Products */;
			projectDirPath = "";
			projectRoot = "";
			targets = (
				F86D1DED2B4E889300E6FB7F /* ProblemSolving */,
			);
		};
/* End PBXProject section */

/* Begin PBXSourcesBuildPhase section */
		F86D1DEA2B4E889300E6FB7F /* Sources */ = {
			isa = PBXSourcesBuildPhase;
			buildActionMask = 2147483647;
			files = (
				F8F510FB2B99E3FA00377B1E /* 034.swift in Sources */,
				F8F394F72B7E125600DA4325 /* recursiveDigitSum.swift in Sources */,
				F8FA258A2B55A4600085B1DB /* FileIO.swift in Sources */,
			);
			runOnlyForDeploymentPostprocessing = 0;
		};
/* End PBXSourcesBuildPhase section */

/* Begin XCBuildConfiguration section */
		F86D1DF32B4E889300E6FB7F /* Debug */ = {
			isa = XCBuildConfiguration;
			buildSettings = {
				ALWAYS_SEARCH_USER_PATHS = NO;
				CLANG_ANALYZER_NONNULL = YES;
				CLANG_ANALYZER_NUMBER_OBJECT_CONVERSION = YES_AGGRESSIVE;
				CLANG_CXX_LANGUAGE_STANDARD = "gnu++20";
				CLANG_ENABLE_MODULES = YES;
				CLANG_ENABLE_OBJC_ARC = YES;
				CLANG_ENABLE_OBJC_WEAK = YES;
				CLANG_WARN_BLOCK_CAPTURE_AUTORELEASING = YES;
				CLANG_WARN_BOOL_CONVERSION = YES;
				CLANG_WARN_COMMA = YES;
				CLANG_WARN_CONSTANT_CONVERSION = YES;
				CLANG_WARN_DEPRECATED_OBJC_IMPLEMENTATIONS = YES;
				CLANG_WARN_DIRECT_OBJC_ISA_USAGE = YES_ERROR;
				CLANG_WARN_DOCUMENTATION_COMMENTS = YES;
				CLANG_WARN_EMPTY_BODY = YES;
				CLANG_WARN_ENUM_CONVERSION = YES;
				CLANG_WARN_INFINITE_RECURSION = YES;
				CLANG_WARN_INT_CONVERSION = YES;
				CLANG_WARN_NON_LITERAL_NULL_CONVERSION = YES;
				CLANG_WARN_OBJC_IMPLICIT_RETAIN_SELF = YES;
				CLANG_WARN_OBJC_LITERAL_CONVERSION = YES;
				CLANG_WARN_OBJC_ROOT_CLASS = YES_ERROR;
				CLANG_WARN_QUOTED_INCLUDE_IN_FRAMEWORK_HEADER = YES;
				CLANG_WARN_RANGE_LOOP_ANALYSIS = YES;
				CLANG_WARN_STRICT_PROTOTYPES = YES;
				CLANG_WARN_SUSPICIOUS_MOVE = YES;
				CLANG_WARN_UNGUARDED_AVAILABILITY = YES_AGGRESSIVE;
				CLANG_WARN_UNREACHABLE_CODE = YES;
				CLANG_WARN__DUPLICATE_METHOD_MATCH = YES;
				COPY_PHASE_STRIP = NO;
				DEBUG_INFORMATION_FORMAT = dwarf;
				ENABLE_STRICT_OBJC_MSGSEND = YES;
				ENABLE_TESTABILITY = YES;
				GCC_C_LANGUAGE_STANDARD = gnu11;
				GCC_DYNAMIC_NO_PIC = NO;
				GCC_NO_COMMON_BLOCKS = YES;
				GCC_OPTIMIZATION_LEVEL = 0;
				GCC_PREPROCESSOR_DEFINITIONS = (
					"DEBUG=1",
					"$(inherited)",
				);
				GCC_WARN_64_TO_32_BIT_CONVERSION = YES;
				GCC_WARN_ABOUT_RETURN_TYPE = YES_ERROR;
				GCC_WARN_UNDECLARED_SELECTOR = YES;
				GCC_WARN_UNINITIALIZED_AUTOS = YES_AGGRESSIVE;
				GCC_WARN_UNUSED_FUNCTION = YES;
				GCC_WARN_UNUSED_VARIABLE = YES;
				MACOSX_DEPLOYMENT_TARGET = 12.6;
				MTL_ENABLE_DEBUG_INFO = INCLUDE_SOURCE;
				MTL_FAST_MATH = YES;
				ONLY_ACTIVE_ARCH = YES;
				SDKROOT = macosx;
				SWIFT_ACTIVE_COMPILATION_CONDITIONS = DEBUG;
				SWIFT_OPTIMIZATION_LEVEL = "-Onone";
			};
			name = Debug;
		};
		F86D1DF42B4E889300E6FB7F /* Release */ = {
			isa = XCBuildConfiguration;
			buildSettings = {
				ALWAYS_SEARCH_USER_PATHS = NO;
				CLANG_ANALYZER_NONNULL = YES;
				CLANG_ANALYZER_NUMBER_OBJECT_CONVERSION = YES_AGGRESSIVE;
				CLANG_CXX_LANGUAGE_STANDARD = "gnu++20";
				CLANG_ENABLE_MODULES = YES;
				CLANG_ENABLE_OBJC_ARC = YES;
				CLANG_ENABLE_OBJC_WEAK = YES;
				CLANG_WARN_BLOCK_CAPTURE_AUTORELEASING = YES;
				CLANG_WARN_BOOL_CONVERSION = YES;
				CLANG_WARN_COMMA = YES;
				CLANG_WARN_CONSTANT_CONVERSION = YES;
				CLANG_WARN_DEPRECATED_OBJC_IMPLEMENTATIONS = YES;
				CLANG_WARN_DIRECT_OBJC_ISA_USAGE = YES_ERROR;
				CLANG_WARN_DOCUMENTATION_COMMENTS = YES;
				CLANG_WARN_EMPTY_BODY = YES;
				CLANG_WARN_ENUM_CONVERSION = YES;
				CLANG_WARN_INFINITE_RECURSION = YES;
				CLANG_WARN_INT_CONVERSION = YES;
				CLANG_WARN_NON_LITERAL_NULL_CONVERSION = YES;
				CLANG_WARN_OBJC_IMPLICIT_RETAIN_SELF = YES;
				CLANG_WARN_OBJC_LITERAL_CONVERSION = YES;
				CLANG_WARN_OBJC_ROOT_CLASS = YES_ERROR;
				CLANG_WARN_QUOTED_INCLUDE_IN_FRAMEWORK_HEADER = YES;
				CLANG_WARN_RANGE_LOOP_ANALYSIS = YES;
				CLANG_WARN_STRICT_PROTOTYPES = YES;
				CLANG_WARN_SUSPICIOUS_MOVE = YES;
				CLANG_WARN_UNGUARDED_AVAILABILITY = YES_AGGRESSIVE;
				CLANG_WARN_UNREACHABLE_CODE = YES;
				CLANG_WARN__DUPLICATE_METHOD_MATCH = YES;
				COPY_PHASE_STRIP = NO;
				DEBUG_INFORMATION_FORMAT = "dwarf-with-dsym";
				ENABLE_NS_ASSERTIONS = NO;
				ENABLE_STRICT_OBJC_MSGSEND = YES;
				GCC_C_LANGUAGE_STANDARD = gnu11;
				GCC_NO_COMMON_BLOCKS = YES;
				GCC_WARN_64_TO_32_BIT_CONVERSION = YES;
				GCC_WARN_ABOUT_RETURN_TYPE = YES_ERROR;
				GCC_WARN_UNDECLARED_SELECTOR = YES;
				GCC_WARN_UNINITIALIZED_AUTOS = YES_AGGRESSIVE;
				GCC_WARN_UNUSED_FUNCTION = YES;
				GCC_WARN_UNUSED_VARIABLE = YES;
				MACOSX_DEPLOYMENT_TARGET = 12.6;
				MTL_ENABLE_DEBUG_INFO = NO;
				MTL_FAST_MATH = YES;
				SDKROOT = macosx;
				SWIFT_COMPILATION_MODE = wholemodule;
				SWIFT_OPTIMIZATION_LEVEL = "-O";
			};
			name = Release;
		};
		F86D1DF62B4E889300E6FB7F /* Debug */ = {
			isa = XCBuildConfiguration;
			buildSettings = {
				CLANG_ENABLE_MODULES = YES;
				CODE_SIGN_STYLE = Automatic;
				LD_RUNPATH_SEARCH_PATHS = (
					"$(inherited)",
					"@executable_path/../Frameworks",
					"@loader_path/../Frameworks",
				);
				PRODUCT_NAME = "$(TARGET_NAME)";
				SWIFT_OBJC_BRIDGING_HEADER = "ProblemSolving/ProblemSolving-Bridging-Header.h";
				SWIFT_OPTIMIZATION_LEVEL = "-Onone";
				SWIFT_VERSION = 5.0;
			};
			name = Debug;
		};
		F86D1DF72B4E889300E6FB7F /* Release */ = {
			isa = XCBuildConfiguration;
			buildSettings = {
				CLANG_ENABLE_MODULES = YES;
				CODE_SIGN_STYLE = Automatic;
				LD_RUNPATH_SEARCH_PATHS = (
					"$(inherited)",
					"@executable_path/../Frameworks",
					"@loader_path/../Frameworks",
				);
				PRODUCT_NAME = "$(TARGET_NAME)";
				SWIFT_OBJC_BRIDGING_HEADER = "ProblemSolving/ProblemSolving-Bridging-Header.h";
				SWIFT_VERSION = 5.0;
			};
			name = Release;
		};
/* End XCBuildConfiguration section */

/* Begin XCConfigurationList section */
		F86D1DE92B4E889300E6FB7F /* Build configuration list for PBXProject "ProblemSolving" */ = {
			isa = XCConfigurationList;
			buildConfigurations = (
				F86D1DF32B4E889300E6FB7F /* Debug */,
				F86D1DF42B4E889300E6FB7F /* Release */,
			);
			defaultConfigurationIsVisible = 0;
			defaultConfigurationName = Release;
		};
		F86D1DF52B4E889300E6FB7F /* Build configuration list for PBXNativeTarget "ProblemSolving" */ = {
			isa = XCConfigurationList;
			buildConfigurations = (
				F86D1DF62B4E889300E6FB7F /* Debug */,
				F86D1DF72B4E889300E6FB7F /* Release */,
			);
			defaultConfigurationIsVisible = 0;
			defaultConfigurationName = Release;
		};
/* End XCConfigurationList section */
	};
	rootObject = F86D1DE62B4E889300E6FB7F /* Project object */;
}
